// !$*UTF8*$!
{
	archiveVersion = 1;
	classes = {
	};
	objectVersion = 46;
	objects = {

/* Begin PBXBuildFile section */
		A92DA8461427C6F00051AFFA /* arial16.fnt in Resources */ = {isa = PBXBuildFile; fileRef = A92DA8211427C6F00051AFFA /* arial16.fnt */; };
		A92DA8471427C6F00051AFFA /* arial16.png in Resources */ = {isa = PBXBuildFile; fileRef = A92DA8221427C6F00051AFFA /* arial16.png */; };
		A92DA8491427C6F00051AFFA /* ArrowUpButton48x48.png in Resources */ = {isa = PBXBuildFile; fileRef = A92DA8241427C6F00051AFFA /* ArrowUpButton48x48.png */; };
		A92DA84B1427C6F00051AFFA /* ButtonRing48x48.png in Resources */ = {isa = PBXBuildFile; fileRef = A92DA8261427C6F00051AFFA /* ButtonRing48x48.png */; };
		A92DA84C1427C6F00051AFFA /* cocos3dMascot.png in Resources */ = {isa = PBXBuildFile; fileRef = A92DA8271427C6F00051AFFA /* cocos3dMascot.png */; };
		A92DA84D1427C6F00051AFFA /* cocos3dMascot.pod in Resources */ = {isa = PBXBuildFile; fileRef = A92DA8281427C6F00051AFFA /* cocos3dMascot.pod */; };
		A92DA8501427C6F00051AFFA /* Default.png in Resources */ = {isa = PBXBuildFile; fileRef = A92DA82B1427C6F00051AFFA /* Default.png */; };
		A92DA8511427C6F00051AFFA /* DieCube.pod in Resources */ = {isa = PBXBuildFile; fileRef = A92DA82C1427C6F00051AFFA /* DieCube.pod */; };
		A92DA8521427C6F00051AFFA /* fire.png in Resources */ = {isa = PBXBuildFile; fileRef = A92DA82D1427C6F00051AFFA /* fire.png */; };
		A92DA8531427C6F00051AFFA /* fps_images.png in Resources */ = {isa = PBXBuildFile; fileRef = A92DA82E1427C6F00051AFFA /* fps_images.png */; };
		A92DA8591427C6F00051AFFA /* hello-world.pod in Resources */ = {isa = PBXBuildFile; fileRef = A92DA8341427C6F00051AFFA /* hello-world.pod */; };
		A92DA85A1427C6F00051AFFA /* Icon-72.png in Resources */ = {isa = PBXBuildFile; fileRef = A92DA8351427C6F00051AFFA /* Icon-72.png */; };
		A92DA85B1427C6F00051AFFA /* Icon-Small-50.png in Resources */ = {isa = PBXBuildFile; fileRef = A92DA8361427C6F00051AFFA /* Icon-Small-50.png */; };
		A92DA85C1427C6F00051AFFA /* Icon-Small.png in Resources */ = {isa = PBXBuildFile; fileRef = A92DA8371427C6F00051AFFA /* Icon-Small.png */; };
		A92DA85D1427C6F00051AFFA /* Icon-Small@2x.png in Resources */ = {isa = PBXBuildFile; fileRef = A92DA8381427C6F00051AFFA /* Icon-Small@2x.png */; };
		A92DA85E1427C6F00051AFFA /* Icon.png in Resources */ = {isa = PBXBuildFile; fileRef = A92DA8391427C6F00051AFFA /* Icon.png */; };
		A92DA85F1427C6F00051AFFA /* Icon@2x.png in Resources */ = {isa = PBXBuildFile; fileRef = A92DA83A1427C6F00051AFFA /* Icon@2x.png */; };
		A92DA8621427C6F00051AFFA /* ItunesArtwork in Resources */ = {isa = PBXBuildFile; fileRef = A92DA83D1427C6F00051AFFA /* ItunesArtwork */; };
		A9473C1214100DA5006F410C /* QuartzCore.framework in Frameworks */ = {isa = PBXBuildFile; fileRef = A9473C1114100DA5006F410C /* QuartzCore.framework */; };
		A9473C1414100DA5006F410C /* OpenGLES.framework in Frameworks */ = {isa = PBXBuildFile; fileRef = A9473C1314100DA5006F410C /* OpenGLES.framework */; };
		A9473C1614100DA5006F410C /* OpenAL.framework in Frameworks */ = {isa = PBXBuildFile; fileRef = A9473C1514100DA5006F410C /* OpenAL.framework */; };
		A9473C1814100DA5006F410C /* AudioToolbox.framework in Frameworks */ = {isa = PBXBuildFile; fileRef = A9473C1714100DA5006F410C /* AudioToolbox.framework */; };
		A9473C1A14100DA5006F410C /* AVFoundation.framework in Frameworks */ = {isa = PBXBuildFile; fileRef = A9473C1914100DA5006F410C /* AVFoundation.framework */; };
		A9473C1C14100DA5006F410C /* UIKit.framework in Frameworks */ = {isa = PBXBuildFile; fileRef = A9473C1B14100DA5006F410C /* UIKit.framework */; };
		A9473C1E14100DA5006F410C /* Foundation.framework in Frameworks */ = {isa = PBXBuildFile; fileRef = A9473C1D14100DA5006F410C /* Foundation.framework */; };
		A9473C2014100DA5006F410C /* CoreGraphics.framework in Frameworks */ = {isa = PBXBuildFile; fileRef = A9473C1F14100DA5006F410C /* CoreGraphics.framework */; };
		A9473D7214100DA7006F410C /* main.m in Sources */ = {isa = PBXBuildFile; fileRef = A9473D7114100DA7006F410C /* main.m */; };
		A9473D8A14100EB3006F410C /* AppDelegate.m in Sources */ = {isa = PBXBuildFile; fileRef = A9473D8414100EB3006F410C /* AppDelegate.m */; };
		A9473D8B14100EB3006F410C /* MainLayer.m in Sources */ = {isa = PBXBuildFile; fileRef = A9473D8714100EB3006F410C /* MainLayer.m */; };
		A9473D8C14100EB3006F410C /* RootViewController.m in Sources */ = {isa = PBXBuildFile; fileRef = A9473D8914100EB3006F410C /* RootViewController.m */; };
		A97DA66A1418056200D72A4B /* TileLayer.m in Sources */ = {isa = PBXBuildFile; fileRef = A97DA6691418056100D72A4B /* TileLayer.m */; };
		A9B6266214E181D3002BB0DB /* BeachBall.pod in Resources */ = {isa = PBXBuildFile; fileRef = A9B6266114E181D3002BB0DB /* BeachBall.pod */; };
		A9EB5D07141029FC00240563 /* CCNodeAdornments.m in Sources */ = {isa = PBXBuildFile; fileRef = A9EB5D02141029FC00240563 /* CCNodeAdornments.m */; };
		A9EB5D08141029FC00240563 /* CCNodeExtensions.m in Sources */ = {isa = PBXBuildFile; fileRef = A9EB5D04141029FC00240563 /* CCNodeExtensions.m */; };
		A9EB5D09141029FC00240563 /* Joystick.m in Sources */ = {isa = PBXBuildFile; fileRef = A9EB5D06141029FC00240563 /* Joystick.m */; };
		A9EB5D0E14103A8700240563 /* TileScene.m in Sources */ = {isa = PBXBuildFile; fileRef = A9EB5D0D14103A8600240563 /* TileScene.m */; };
		B64B3D56155ECF52004C2F6F /* Cocos2DKit.framework in Frameworks */ = {isa = PBXBuildFile; fileRef = B64B3D55155ECF52004C2F6F /* Cocos2DKit.framework */; };
/* End PBXBuildFile section */

/* Begin PBXContainerItemProxy section */
		B64B3D4F155ECF16004C2F6F /* PBXContainerItemProxy */ = {
			isa = PBXContainerItemProxy;
			containerPortal = B64B3D4A155ECF16004C2F6F /* Cocos3D.xcodeproj */;
			proxyType = 2;
			remoteGlobalIDString = B6747D2F155EB226005D8E64;
			remoteInfo = Cocos3D;
		};
/* End PBXContainerItemProxy section */

/* Begin PBXFileReference section */
		A92DA8211427C6F00051AFFA /* arial16.fnt */ = {isa = PBXFileReference; fileEncoding = 4; lastKnownFileType = text; path = arial16.fnt; sourceTree = "<group>"; };
		A92DA8221427C6F00051AFFA /* arial16.png */ = {isa = PBXFileReference; lastKnownFileType = image.png; path = arial16.png; sourceTree = "<group>"; };
		A92DA8241427C6F00051AFFA /* ArrowUpButton48x48.png */ = {isa = PBXFileReference; lastKnownFileType = image.png; path = ArrowUpButton48x48.png; sourceTree = "<group>"; };
		A92DA8261427C6F00051AFFA /* ButtonRing48x48.png */ = {isa = PBXFileReference; lastKnownFileType = image.png; path = ButtonRing48x48.png; sourceTree = "<group>"; };
		A92DA8271427C6F00051AFFA /* cocos3dMascot.png */ = {isa = PBXFileReference; lastKnownFileType = image.png; path = cocos3dMascot.png; sourceTree = "<group>"; };
		A92DA8281427C6F00051AFFA /* cocos3dMascot.pod */ = {isa = PBXFileReference; lastKnownFileType = file; path = cocos3dMascot.pod; sourceTree = "<group>"; };
		A92DA82B1427C6F00051AFFA /* Default.png */ = {isa = PBXFileReference; lastKnownFileType = image.png; path = Default.png; sourceTree = "<group>"; };
		A92DA82C1427C6F00051AFFA /* DieCube.pod */ = {isa = PBXFileReference; lastKnownFileType = file; path = DieCube.pod; sourceTree = "<group>"; };
		A92DA82D1427C6F00051AFFA /* fire.png */ = {isa = PBXFileReference; lastKnownFileType = image.png; path = fire.png; sourceTree = "<group>"; };
		A92DA82E1427C6F00051AFFA /* fps_images.png */ = {isa = PBXFileReference; lastKnownFileType = image.png; path = fps_images.png; sourceTree = "<group>"; };
		A92DA8341427C6F00051AFFA /* hello-world.pod */ = {isa = PBXFileReference; lastKnownFileType = file; path = "hello-world.pod"; sourceTree = "<group>"; };
		A92DA8351427C6F00051AFFA /* Icon-72.png */ = {isa = PBXFileReference; lastKnownFileType = image.png; path = "Icon-72.png"; sourceTree = "<group>"; };
		A92DA8361427C6F00051AFFA /* Icon-Small-50.png */ = {isa = PBXFileReference; lastKnownFileType = image.png; path = "Icon-Small-50.png"; sourceTree = "<group>"; };
		A92DA8371427C6F00051AFFA /* Icon-Small.png */ = {isa = PBXFileReference; lastKnownFileType = image.png; path = "Icon-Small.png"; sourceTree = "<group>"; };
		A92DA8381427C6F00051AFFA /* Icon-Small@2x.png */ = {isa = PBXFileReference; lastKnownFileType = image.png; path = "Icon-Small@2x.png"; sourceTree = "<group>"; };
		A92DA8391427C6F00051AFFA /* Icon.png */ = {isa = PBXFileReference; lastKnownFileType = image.png; path = Icon.png; sourceTree = "<group>"; };
		A92DA83A1427C6F00051AFFA /* Icon@2x.png */ = {isa = PBXFileReference; lastKnownFileType = image.png; path = "Icon@2x.png"; sourceTree = "<group>"; };
		A92DA83B1427C6F00051AFFA /* Info.plist */ = {isa = PBXFileReference; fileEncoding = 4; lastKnownFileType = text.plist.xml; path = Info.plist; sourceTree = "<group>"; };
		A92DA83D1427C6F00051AFFA /* ItunesArtwork */ = {isa = PBXFileReference; lastKnownFileType = file; path = ItunesArtwork; sourceTree = "<group>"; };
		A9473C0D14100DA5006F410C /* CC3Demo3DTiles.app */ = {isa = PBXFileReference; explicitFileType = wrapper.application; includeInIndex = 0; path = CC3Demo3DTiles.app; sourceTree = BUILT_PRODUCTS_DIR; };
		A9473C1114100DA5006F410C /* QuartzCore.framework */ = {isa = PBXFileReference; lastKnownFileType = wrapper.framework; name = QuartzCore.framework; path = System/Library/Frameworks/QuartzCore.framework; sourceTree = SDKROOT; };
		A9473C1314100DA5006F410C /* OpenGLES.framework */ = {isa = PBXFileReference; lastKnownFileType = wrapper.framework; name = OpenGLES.framework; path = System/Library/Frameworks/OpenGLES.framework; sourceTree = SDKROOT; };
		A9473C1514100DA5006F410C /* OpenAL.framework */ = {isa = PBXFileReference; lastKnownFileType = wrapper.framework; name = OpenAL.framework; path = System/Library/Frameworks/OpenAL.framework; sourceTree = SDKROOT; };
		A9473C1714100DA5006F410C /* AudioToolbox.framework */ = {isa = PBXFileReference; lastKnownFileType = wrapper.framework; name = AudioToolbox.framework; path = System/Library/Frameworks/AudioToolbox.framework; sourceTree = SDKROOT; };
		A9473C1914100DA5006F410C /* AVFoundation.framework */ = {isa = PBXFileReference; lastKnownFileType = wrapper.framework; name = AVFoundation.framework; path = System/Library/Frameworks/AVFoundation.framework; sourceTree = SDKROOT; };
		A9473C1B14100DA5006F410C /* UIKit.framework */ = {isa = PBXFileReference; lastKnownFileType = wrapper.framework; name = UIKit.framework; path = System/Library/Frameworks/UIKit.framework; sourceTree = SDKROOT; };
		A9473C1D14100DA5006F410C /* Foundation.framework */ = {isa = PBXFileReference; lastKnownFileType = wrapper.framework; name = Foundation.framework; path = System/Library/Frameworks/Foundation.framework; sourceTree = SDKROOT; };
		A9473C1F14100DA5006F410C /* CoreGraphics.framework */ = {isa = PBXFileReference; lastKnownFileType = wrapper.framework; name = CoreGraphics.framework; path = System/Library/Frameworks/CoreGraphics.framework; sourceTree = SDKROOT; };
		A9473D7014100DA7006F410C /* Prefix.pch */ = {isa = PBXFileReference; lastKnownFileType = sourcecode.c.h; path = Prefix.pch; sourceTree = "<group>"; };
		A9473D7114100DA7006F410C /* main.m */ = {isa = PBXFileReference; lastKnownFileType = sourcecode.c.objc; path = main.m; sourceTree = "<group>"; };
		A9473D8314100EB3006F410C /* AppDelegate.h */ = {isa = PBXFileReference; fileEncoding = 4; lastKnownFileType = sourcecode.c.h; path = AppDelegate.h; sourceTree = "<group>"; };
		A9473D8414100EB3006F410C /* AppDelegate.m */ = {isa = PBXFileReference; fileEncoding = 4; lastKnownFileType = sourcecode.c.objc; path = AppDelegate.m; sourceTree = "<group>"; };
		A9473D8514100EB3006F410C /* GameConfig.h */ = {isa = PBXFileReference; fileEncoding = 4; lastKnownFileType = sourcecode.c.h; path = GameConfig.h; sourceTree = "<group>"; };
		A9473D8614100EB3006F410C /* MainLayer.h */ = {isa = PBXFileReference; fileEncoding = 4; lastKnownFileType = sourcecode.c.h; path = MainLayer.h; sourceTree = "<group>"; };
		A9473D8714100EB3006F410C /* MainLayer.m */ = {isa = PBXFileReference; fileEncoding = 4; lastKnownFileType = sourcecode.c.objc; path = MainLayer.m; sourceTree = "<group>"; };
		A9473D8814100EB3006F410C /* RootViewController.h */ = {isa = PBXFileReference; fileEncoding = 4; lastKnownFileType = sourcecode.c.h; path = RootViewController.h; sourceTree = "<group>"; };
		A9473D8914100EB3006F410C /* RootViewController.m */ = {isa = PBXFileReference; fileEncoding = 4; lastKnownFileType = sourcecode.c.objc; path = RootViewController.m; sourceTree = "<group>"; };
		A97DA6681418056100D72A4B /* TileLayer.h */ = {isa = PBXFileReference; fileEncoding = 4; lastKnownFileType = sourcecode.c.h; path = TileLayer.h; sourceTree = "<group>"; };
		A97DA6691418056100D72A4B /* TileLayer.m */ = {isa = PBXFileReference; fileEncoding = 4; lastKnownFileType = sourcecode.c.objc; path = TileLayer.m; sourceTree = "<group>"; };
		A9B6266114E181D3002BB0DB /* BeachBall.pod */ = {isa = PBXFileReference; lastKnownFileType = file; path = BeachBall.pod; sourceTree = "<group>"; };
		A9EB5D01141029FC00240563 /* CCNodeAdornments.h */ = {isa = PBXFileReference; fileEncoding = 4; lastKnownFileType = sourcecode.c.h; path = CCNodeAdornments.h; sourceTree = "<group>"; };
		A9EB5D02141029FC00240563 /* CCNodeAdornments.m */ = {isa = PBXFileReference; fileEncoding = 4; lastKnownFileType = sourcecode.c.objc; path = CCNodeAdornments.m; sourceTree = "<group>"; };
		A9EB5D03141029FC00240563 /* CCNodeExtensions.h */ = {isa = PBXFileReference; fileEncoding = 4; lastKnownFileType = sourcecode.c.h; path = CCNodeExtensions.h; sourceTree = "<group>"; };
		A9EB5D04141029FC00240563 /* CCNodeExtensions.m */ = {isa = PBXFileReference; fileEncoding = 4; lastKnownFileType = sourcecode.c.objc; path = CCNodeExtensions.m; sourceTree = "<group>"; };
		A9EB5D05141029FC00240563 /* Joystick.h */ = {isa = PBXFileReference; fileEncoding = 4; lastKnownFileType = sourcecode.c.h; path = Joystick.h; sourceTree = "<group>"; };
		A9EB5D06141029FC00240563 /* Joystick.m */ = {isa = PBXFileReference; fileEncoding = 4; lastKnownFileType = sourcecode.c.objc; path = Joystick.m; sourceTree = "<group>"; };
		A9EB5D0C14103A8600240563 /* TileScene.h */ = {isa = PBXFileReference; fileEncoding = 4; lastKnownFileType = sourcecode.c.h; path = TileScene.h; sourceTree = "<group>"; };
		A9EB5D0D14103A8600240563 /* TileScene.m */ = {isa = PBXFileReference; fileEncoding = 4; lastKnownFileType = sourcecode.c.objc; path = TileScene.m; sourceTree = "<group>"; };
		B64B3D4A155ECF16004C2F6F /* Cocos3D.xcodeproj */ = {isa = PBXFileReference; lastKnownFileType = "wrapper.pb-project"; name = Cocos3D.xcodeproj; path = ../../Cocos3D.xcodeproj; sourceTree = "<group>"; };
		B64B3D55155ECF52004C2F6F /* Cocos2DKit.framework */ = {isa = PBXFileReference; lastKnownFileType = wrapper.framework; name = Cocos2DKit.framework; path = ../../Vendor/Frameworks/Cocos2DKit.framework; sourceTree = "<group>"; };
/* End PBXFileReference section */

/* Begin PBXFrameworksBuildPhase section */
		A9473C0A14100DA5006F410C /* Frameworks */ = {
			isa = PBXFrameworksBuildPhase;
			buildActionMask = 2147483647;
			files = (
				A9473C1214100DA5006F410C /* QuartzCore.framework in Frameworks */,
				A9473C1414100DA5006F410C /* OpenGLES.framework in Frameworks */,
				A9473C1614100DA5006F410C /* OpenAL.framework in Frameworks */,
				A9473C1814100DA5006F410C /* AudioToolbox.framework in Frameworks */,
				A9473C1A14100DA5006F410C /* AVFoundation.framework in Frameworks */,
				A9473C1C14100DA5006F410C /* UIKit.framework in Frameworks */,
				A9473C1E14100DA5006F410C /* Foundation.framework in Frameworks */,
				A9473C2014100DA5006F410C /* CoreGraphics.framework in Frameworks */,
				B64B3D56155ECF52004C2F6F /* Cocos2DKit.framework in Frameworks */,
			);
			runOnlyForDeploymentPostprocessing = 0;
		};
/* End PBXFrameworksBuildPhase section */

/* Begin PBXGroup section */
		A92DA8201427C6F00051AFFA /* Resources */ = {
			isa = PBXGroup;
			children = (
				A92DA8211427C6F00051AFFA /* arial16.fnt */,
				A92DA8221427C6F00051AFFA /* arial16.png */,
				A92DA8241427C6F00051AFFA /* ArrowUpButton48x48.png */,
				A9B6266114E181D3002BB0DB /* BeachBall.pod */,
				A92DA8261427C6F00051AFFA /* ButtonRing48x48.png */,
				A92DA8271427C6F00051AFFA /* cocos3dMascot.png */,
				A92DA8281427C6F00051AFFA /* cocos3dMascot.pod */,
				A92DA82B1427C6F00051AFFA /* Default.png */,
				A92DA82C1427C6F00051AFFA /* DieCube.pod */,
				A92DA82D1427C6F00051AFFA /* fire.png */,
				A92DA82E1427C6F00051AFFA /* fps_images.png */,
				A92DA8341427C6F00051AFFA /* hello-world.pod */,
				A92DA8351427C6F00051AFFA /* Icon-72.png */,
				A92DA8361427C6F00051AFFA /* Icon-Small-50.png */,
				A92DA8371427C6F00051AFFA /* Icon-Small.png */,
				A92DA8381427C6F00051AFFA /* Icon-Small@2x.png */,
				A92DA8391427C6F00051AFFA /* Icon.png */,
				A92DA83A1427C6F00051AFFA /* Icon@2x.png */,
				A92DA83B1427C6F00051AFFA /* Info.plist */,
				A92DA83D1427C6F00051AFFA /* ItunesArtwork */,
			);
			name = Resources;
			path = ../Common/Resources;
			sourceTree = "<group>";
		};
		A9473C0214100DA5006F410C = {
			isa = PBXGroup;
			children = (
				B64B3D4A155ECF16004C2F6F /* Cocos3D.xcodeproj */,
				A9473D8214100EB3006F410C /* Classes */,
				A92DA8201427C6F00051AFFA /* Resources */,
				A9473D6F14100DA7006F410C /* Supporting Files */,
				A9473C1014100DA5006F410C /* Frameworks */,
				A9473C0E14100DA5006F410C /* Products */,
			);
			sourceTree = "<group>";
		};
		A9473C0E14100DA5006F410C /* Products */ = {
			isa = PBXGroup;
			children = (
				A9473C0D14100DA5006F410C /* CC3Demo3DTiles.app */,
			);
			name = Products;
			sourceTree = "<group>";
		};
		A9473C1014100DA5006F410C /* Frameworks */ = {
			isa = PBXGroup;
			children = (
				B64B3D55155ECF52004C2F6F /* Cocos2DKit.framework */,
				A9473C1114100DA5006F410C /* QuartzCore.framework */,
				A9473C1314100DA5006F410C /* OpenGLES.framework */,
				A9473C1514100DA5006F410C /* OpenAL.framework */,
				A9473C1714100DA5006F410C /* AudioToolbox.framework */,
				A9473C1914100DA5006F410C /* AVFoundation.framework */,
				A9473C1B14100DA5006F410C /* UIKit.framework */,
				A9473C1D14100DA5006F410C /* Foundation.framework */,
				A9473C1F14100DA5006F410C /* CoreGraphics.framework */,
			);
			name = Frameworks;
			sourceTree = "<group>";
		};
		A9473D6F14100DA7006F410C /* Supporting Files */ = {
			isa = PBXGroup;
			children = (
				A9473D7014100DA7006F410C /* Prefix.pch */,
				A9473D7114100DA7006F410C /* main.m */,
			);
			name = "Supporting Files";
			path = CC3Demo3DTiles;
			sourceTree = "<group>";
		};
		A9473D8214100EB3006F410C /* Classes */ = {
			isa = PBXGroup;
			children = (
				A9473D8314100EB3006F410C /* AppDelegate.h */,
				A9473D8414100EB3006F410C /* AppDelegate.m */,
				A9473D8514100EB3006F410C /* GameConfig.h */,
				A9473D8614100EB3006F410C /* MainLayer.h */,
				A9473D8714100EB3006F410C /* MainLayer.m */,
				A97DA6681418056100D72A4B /* TileLayer.h */,
				A97DA6691418056100D72A4B /* TileLayer.m */,
				A9EB5D0C14103A8600240563 /* TileScene.h */,
				A9EB5D0D14103A8600240563 /* TileScene.m */,
				A9473D8814100EB3006F410C /* RootViewController.h */,
				A9473D8914100EB3006F410C /* RootViewController.m */,
				A9EB5D00141029FC00240563 /* Controls */,
			);
			name = Classes;
			path = CC3Demo3DTiles/Classes;
			sourceTree = "<group>";
		};
		A9EB5D00141029FC00240563 /* Controls */ = {
			isa = PBXGroup;
			children = (
				A9EB5D01141029FC00240563 /* CCNodeAdornments.h */,
				A9EB5D02141029FC00240563 /* CCNodeAdornments.m */,
				A9EB5D03141029FC00240563 /* CCNodeExtensions.h */,
				A9EB5D04141029FC00240563 /* CCNodeExtensions.m */,
				A9EB5D05141029FC00240563 /* Joystick.h */,
				A9EB5D06141029FC00240563 /* Joystick.m */,
			);
			path = Controls;
			sourceTree = "<group>";
		};
		B64B3D4B155ECF16004C2F6F /* Products */ = {
			isa = PBXGroup;
			children = (
				B64B3D50155ECF16004C2F6F /* libCocos3D.a */,
			);
			name = Products;
			sourceTree = "<group>";
		};
/* End PBXGroup section */

/* Begin PBXNativeTarget section */
		A9473C0C14100DA5006F410C /* CC3Demo3DTiles */ = {
			isa = PBXNativeTarget;
			buildConfigurationList = A9473D7F14100DA7006F410C /* Build configuration list for PBXNativeTarget "CC3Demo3DTiles" */;
			buildPhases = (
				A9473C0914100DA5006F410C /* Sources */,
				A9473C0A14100DA5006F410C /* Frameworks */,
				A9473C0B14100DA5006F410C /* Resources */,
			);
			buildRules = (
			);
			dependencies = (
			);
			name = CC3Demo3DTiles;
			productName = CC3Demo3DTiles;
			productReference = A9473C0D14100DA5006F410C /* CC3Demo3DTiles.app */;
			productType = "com.apple.product-type.application";
		};
/* End PBXNativeTarget section */

/* Begin PBXProject section */
		A9473C0414100DA5006F410C /* Project object */ = {
			isa = PBXProject;
			attributes = {
				LastUpgradeCheck = 0430;
			};
			buildConfigurationList = A9473C0714100DA5006F410C /* Build configuration list for PBXProject "CC3Demo3DTiles" */;
			compatibilityVersion = "Xcode 3.2";
			developmentRegion = English;
			hasScannedForEncodings = 0;
			knownRegions = (
				en,
			);
			mainGroup = A9473C0214100DA5006F410C;
			productRefGroup = A9473C0E14100DA5006F410C /* Products */;
			projectDirPath = "";
			projectReferences = (
				{
					ProductGroup = B64B3D4B155ECF16004C2F6F /* Products */;
					ProjectRef = B64B3D4A155ECF16004C2F6F /* Cocos3D.xcodeproj */;
				},
			);
			projectRoot = "";
			targets = (
				A9473C0C14100DA5006F410C /* CC3Demo3DTiles */,
			);
		};
/* End PBXProject section */

/* Begin PBXReferenceProxy section */
		B64B3D50155ECF16004C2F6F /* libCocos3D.a */ = {
			isa = PBXReferenceProxy;
			fileType = archive.ar;
			path = libCocos3D.a;
			remoteRef = B64B3D4F155ECF16004C2F6F /* PBXContainerItemProxy */;
			sourceTree = BUILT_PRODUCTS_DIR;
		};
/* End PBXReferenceProxy section */

/* Begin PBXResourcesBuildPhase section */
		A9473C0B14100DA5006F410C /* Resources */ = {
			isa = PBXResourcesBuildPhase;
			buildActionMask = 2147483647;
			files = (
				A92DA8461427C6F00051AFFA /* arial16.fnt in Resources */,
				A92DA8471427C6F00051AFFA /* arial16.png in Resources */,
				A92DA8491427C6F00051AFFA /* ArrowUpButton48x48.png in Resources */,
				A92DA84B1427C6F00051AFFA /* ButtonRing48x48.png in Resources */,
				A92DA84C1427C6F00051AFFA /* cocos3dMascot.png in Resources */,
				A92DA84D1427C6F00051AFFA /* cocos3dMascot.pod in Resources */,
				A92DA8501427C6F00051AFFA /* Default.png in Resources */,
				A92DA8511427C6F00051AFFA /* DieCube.pod in Resources */,
				A92DA8521427C6F00051AFFA /* fire.png in Resources */,
				A92DA8531427C6F00051AFFA /* fps_images.png in Resources */,
				A92DA8591427C6F00051AFFA /* hello-world.pod in Resources */,
				A92DA85A1427C6F00051AFFA /* Icon-72.png in Resources */,
				A92DA85B1427C6F00051AFFA /* Icon-Small-50.png in Resources */,
				A92DA85C1427C6F00051AFFA /* Icon-Small.png in Resources */,
				A92DA85D1427C6F00051AFFA /* Icon-Small@2x.png in Resources */,
				A92DA85E1427C6F00051AFFA /* Icon.png in Resources */,
				A92DA85F1427C6F00051AFFA /* Icon@2x.png in Resources */,
				A92DA8621427C6F00051AFFA /* ItunesArtwork in Resources */,
				A9B6266214E181D3002BB0DB /* BeachBall.pod in Resources */,
			);
			runOnlyForDeploymentPostprocessing = 0;
		};
/* End PBXResourcesBuildPhase section */

/* Begin PBXSourcesBuildPhase section */
		A9473C0914100DA5006F410C /* Sources */ = {
			isa = PBXSourcesBuildPhase;
			buildActionMask = 2147483647;
			files = (
				A9473D7214100DA7006F410C /* main.m in Sources */,
				A9473D8A14100EB3006F410C /* AppDelegate.m in Sources */,
				A9473D8B14100EB3006F410C /* MainLayer.m in Sources */,
				A9473D8C14100EB3006F410C /* RootViewController.m in Sources */,
				A9EB5D07141029FC00240563 /* CCNodeAdornments.m in Sources */,
				A9EB5D08141029FC00240563 /* CCNodeExtensions.m in Sources */,
				A9EB5D09141029FC00240563 /* Joystick.m in Sources */,
				A9EB5D0E14103A8700240563 /* TileScene.m in Sources */,
				A97DA66A1418056200D72A4B /* TileLayer.m in Sources */,
			);
			runOnlyForDeploymentPostprocessing = 0;
		};
/* End PBXSourcesBuildPhase section */

/* Begin XCBuildConfiguration section */
		A9473D7D14100DA7006F410C /* Debug */ = {
			isa = XCBuildConfiguration;
			buildSettings = {
				ALWAYS_SEARCH_USER_PATHS = NO;
				ARCHS = "$(ARCHS_STANDARD_32_BIT)";
				"CODE_SIGN_IDENTITY[sdk=iphoneos*]" = "iPhone Developer";
				GCC_C_LANGUAGE_STANDARD = gnu99;
				GCC_PREPROCESSOR_DEFINITIONS = (
					DEBUG,
					"COCOS2D_DEBUG=1",
					"CD_DEBUG=1",
					"LOGGING_ENABLED=1",
					"LOGGING_LEVEL_TRACE=0",
					"LOGGING_REZLOAD=1",
					"GL_ERROR_LOGGING_ENABLED=1",
					"GL_LOGGING_ENABLED=0",
				);
				GCC_SYMBOLS_PRIVATE_EXTERN = NO;
				GCC_THUMB_SUPPORT = YES;
				"GCC_THUMB_SUPPORT[arch=armv6]" = NO;
				GCC_WARN_ABOUT_RETURN_TYPE = YES;
				GCC_WARN_UNUSED_VARIABLE = YES;
				OTHER_LDFLAGS = (
					"-all_load",
					"-ObjC",
				);
				SDKROOT = iphoneos;
				TARGETED_DEVICE_FAMILY = "1,2";
				WARNING_CFLAGS = "-Wall";
			};
			name = Debug;
		};
		A9473D7E14100DA7006F410C /* Release */ = {
			isa = XCBuildConfiguration;
			buildSettings = {
				ALWAYS_SEARCH_USER_PATHS = NO;
				ARCHS = (
					armv6,
					armv7,
				);
				"CODE_SIGN_IDENTITY[sdk=iphoneos*]" = "iPhone Developer";
				GCC_C_LANGUAGE_STANDARD = gnu99;
				GCC_PREPROCESSOR_DEFINITIONS = NDEBUG;
				GCC_THUMB_SUPPORT = YES;
				"GCC_THUMB_SUPPORT[arch=armv6]" = NO;
				GCC_TREAT_WARNINGS_AS_ERRORS = YES;
				GCC_WARN_ABOUT_RETURN_TYPE = YES;
				GCC_WARN_UNUSED_VARIABLE = YES;
				OTHER_CFLAGS = "-DNS_BLOCK_ASSERTIONS=1";
				OTHER_LDFLAGS = (
					"-all_load",
					"-ObjC",
				);
				SDKROOT = iphoneos;
				TARGETED_DEVICE_FAMILY = "1,2";
				VALIDATE_PRODUCT = YES;
				WARNING_CFLAGS = "-Wall";
			};
			name = Release;
		};
		A9473D8014100DA7006F410C /* Debug */ = {
			isa = XCBuildConfiguration;
			buildSettings = {
				ALWAYS_SEARCH_USER_PATHS = NO;
				COPY_PHASE_STRIP = NO;
				FRAMEWORK_SEARCH_PATHS = (
					"$(inherited)",
					"\"$(SRCROOT)/../../Vendor/Frameworks\"",
				);
				GCC_DYNAMIC_NO_PIC = NO;
				GCC_PRECOMPILE_PREFIX_HEADER = YES;
				GCC_PREFIX_HEADER = CC3Demo3DTiles/Prefix.pch;
				INFOPLIST_FILE = ../Common/Resources/Info.plist;
				OTHER_LDFLAGS = (
					"-lz",
					"-lstdc++",
					"-framework",
					Cocos3D,
					"$(inherited)",
				);
				PRODUCT_NAME = "$(TARGET_NAME)";
				WRAPPER_EXTENSION = app;
			};
			name = Debug;
		};
		A9473D8114100DA7006F410C /* Release */ = {
			isa = XCBuildConfiguration;
			buildSettings = {
				ALWAYS_SEARCH_USER_PATHS = NO;
				COPY_PHASE_STRIP = YES;
				FRAMEWORK_SEARCH_PATHS = (
					"$(inherited)",
					"\"$(SRCROOT)/../../Vendor/Frameworks\"",
				);
				GCC_PRECOMPILE_PREFIX_HEADER = YES;
				GCC_PREFIX_HEADER = CC3Demo3DTiles/Prefix.pch;
				INFOPLIST_FILE = ../Common/Resources/Info.plist;
				OTHER_LDFLAGS = (
					"-lz",
					"-lstdc++",
					"-framework",
					Cocos3D,
					"$(inherited)",
				);
				PRODUCT_NAME = "$(TARGET_NAME)";
				VALIDATE_PRODUCT = YES;
				WRAPPER_EXTENSION = app;
			};
			name = Release;
		};
/* End XCBuildConfiguration section */

/* Begin XCConfigurationList section */
		A9473C0714100DA5006F410C /* Build configuration list for PBXProject "CC3Demo3DTiles" */ = {
			isa = XCConfigurationList;
			buildConfigurations = (
				A9473D7D14100DA7006F410C /* Debug */,
				A9473D7E14100DA7006F410C /* Release */,
			);
			defaultConfigurationIsVisible = 0;
			defaultConfigurationName = Release;
		};
		A9473D7F14100DA7006F410C /* Build configuration list for PBXNativeTarget "CC3Demo3DTiles" */ = {
			isa = XCConfigurationList;
			buildConfigurations = (
				A9473D8014100DA7006F410C /* Debug */,
				A9473D8114100DA7006F410C /* Release */,
			);
			defaultConfigurationIsVisible = 0;
			defaultConfigurationName = Release;
		};
/* End XCConfigurationList section */
	};
	rootObject = A9473C0414100DA5006F410C /* Project object */;
}
