// !$*UTF8*$!
{
	archiveVersion = 1;
	classes = {
	};
	objectVersion = 46;
	objects = {

/* Begin PBXBuildFile section */
		506EDBA5102F4C9F00A389B3 /* AVFoundation.framework in Frameworks */ = {isa = PBXBuildFile; fileRef = 506EDBA4102F4C9F00A389B3 /* AVFoundation.framework */; };
		A907DB13153A07E100A97C02 /* Stamp.pvr in Resources */ = {isa = PBXBuildFile; fileRef = A907DB12153A07E100A97C02 /* Stamp.pvr */; };
		A92C6A12144A272900B15941 /* BoxTexture.png in Resources */ = {isa = PBXBuildFile; fileRef = A92C6A11144A272900B15941 /* BoxTexture.png */; };
		A92D8A0814F6B377009458BE /* ShadowButtonLatched48x48.png in Resources */ = {isa = PBXBuildFile; fileRef = A92D8A0714F6B377009458BE /* ShadowButtonLatched48x48.png */; };
		A92DA7B01427B5980051AFFA /* ArrowLeftButton48x48.png in Resources */ = {isa = PBXBuildFile; fileRef = A92DA78E1427B5980051AFFA /* ArrowLeftButton48x48.png */; };
		A92DA7B21427B5980051AFFA /* ButtonRing48x48.png in Resources */ = {isa = PBXBuildFile; fileRef = A92DA7901427B5980051AFFA /* ButtonRing48x48.png */; };
		A92DA7B31427B5980051AFFA /* cocos3dMascot.png in Resources */ = {isa = PBXBuildFile; fileRef = A92DA7911427B5980051AFFA /* cocos3dMascot.png */; };
		A92DA7B41427B5980051AFFA /* cocos3dMascot.pod in Resources */ = {isa = PBXBuildFile; fileRef = A92DA7921427B5980051AFFA /* cocos3dMascot.pod */; };
		A92DA7B51427B5980051AFFA /* Crate.pvr in Resources */ = {isa = PBXBuildFile; fileRef = A92DA7931427B5980051AFFA /* Crate.pvr */; };
		A92DA7B61427B5980051AFFA /* debian.plist in Resources */ = {isa = PBXBuildFile; fileRef = A92DA7941427B5980051AFFA /* debian.plist */; };
		A92DA7B71427B5980051AFFA /* Default.png in Resources */ = {isa = PBXBuildFile; fileRef = A92DA7951427B5980051AFFA /* Default.png */; };
		A92DA7B81427B5980051AFFA /* DieCube.pod in Resources */ = {isa = PBXBuildFile; fileRef = A92DA7961427B5980051AFFA /* DieCube.pod */; };
		A92DA7B91427B5980051AFFA /* fire.png in Resources */ = {isa = PBXBuildFile; fileRef = A92DA7971427B5980051AFFA /* fire.png */; };
		A92DA7BA1427B5980051AFFA /* fps_images.png in Resources */ = {isa = PBXBuildFile; fileRef = A92DA7981427B5980051AFFA /* fps_images.png */; };
		A92DA7BC1427B5980051AFFA /* GridButton48x48.png in Resources */ = {isa = PBXBuildFile; fileRef = A92DA79A1427B5980051AFFA /* GridButton48x48.png */; };
		A92DA7BD1427B5980051AFFA /* Head.pod in Resources */ = {isa = PBXBuildFile; fileRef = A92DA79B1427B5980051AFFA /* Head.pod */; };
		A92DA7BE1427B5980051AFFA /* Head_clonespacePVRTC.pvr in Resources */ = {isa = PBXBuildFile; fileRef = A92DA79C1427B5980051AFFA /* Head_clonespacePVRTC.pvr */; };
		A92DA7BF1427B5980051AFFA /* Head_diffuse.pvr in Resources */ = {isa = PBXBuildFile; fileRef = A92DA79D1427B5980051AFFA /* Head_diffuse.pvr */; };
		A92DA7C11427B5980051AFFA /* Icon-72.png in Resources */ = {isa = PBXBuildFile; fileRef = A92DA79F1427B5980051AFFA /* Icon-72.png */; };
		A92DA7C21427B5980051AFFA /* Icon-Small-50.png in Resources */ = {isa = PBXBuildFile; fileRef = A92DA7A01427B5980051AFFA /* Icon-Small-50.png */; };
		A92DA7C31427B5980051AFFA /* Icon-Small.png in Resources */ = {isa = PBXBuildFile; fileRef = A92DA7A11427B5980051AFFA /* Icon-Small.png */; };
		A92DA7C41427B5980051AFFA /* Icon-Small@2x.png in Resources */ = {isa = PBXBuildFile; fileRef = A92DA7A21427B5980051AFFA /* Icon-Small@2x.png */; };
		A92DA7C51427B5980051AFFA /* Icon.png in Resources */ = {isa = PBXBuildFile; fileRef = A92DA7A31427B5980051AFFA /* Icon.png */; };
		A92DA7C61427B5980051AFFA /* Icon@2x.png in Resources */ = {isa = PBXBuildFile; fileRef = A92DA7A41427B5980051AFFA /* Icon@2x.png */; };
		A92DA7C81427B5980051AFFA /* IntroducingPOD_float.pod in Resources */ = {isa = PBXBuildFile; fileRef = A92DA7A61427B5980051AFFA /* IntroducingPOD_float.pod */; };
		A92DA7C91427B5980051AFFA /* ItunesArtwork in Resources */ = {isa = PBXBuildFile; fileRef = A92DA7A71427B5980051AFFA /* ItunesArtwork */; };
		A92DA7CA1427B5980051AFFA /* JoystickThumb.png in Resources */ = {isa = PBXBuildFile; fileRef = A92DA7A81427B5980051AFFA /* JoystickThumb.png */; };
		A92DA7CB1427B5980051AFFA /* Shine48x48.png in Resources */ = {isa = PBXBuildFile; fileRef = A92DA7A91427B5980051AFFA /* Shine48x48.png */; };
		A92DA7CC1427B5980051AFFA /* Stamp-nm.pvr in Resources */ = {isa = PBXBuildFile; fileRef = A92DA7AA1427B5980051AFFA /* Stamp-nm.pvr */; };
		A92DA7CE1427B5980051AFFA /* SunlightButton48x48.png in Resources */ = {isa = PBXBuildFile; fileRef = A92DA7AC1427B5980051AFFA /* SunlightButton48x48.png */; };
		A92DA7CF1427B5980051AFFA /* tex_arm.pvr in Resources */ = {isa = PBXBuildFile; fileRef = A92DA7AD1427B5980051AFFA /* tex_arm.pvr */; };
		A92DA7D01427B5980051AFFA /* tex_base.pvr in Resources */ = {isa = PBXBuildFile; fileRef = A92DA7AE1427B5980051AFFA /* tex_base.pvr */; };
		A92DA7D11427B5980051AFFA /* ZoomButton48x48.png in Resources */ = {isa = PBXBuildFile; fileRef = A92DA7AF1427B5980051AFFA /* ZoomButton48x48.png */; };
		A9306A851445B23C0004EB5A /* HUDLayer.m in Sources */ = {isa = PBXBuildFile; fileRef = A9306A841445B23C0004EB5A /* HUDLayer.m */; };
		A933812E14E09E9000FCA181 /* Earth_1024.jpg in Resources */ = {isa = PBXBuildFile; fileRef = A933812D14E09E9000FCA181 /* Earth_1024.jpg */; };
		A933817014E16A9200FCA181 /* BeachBall.pod in Resources */ = {isa = PBXBuildFile; fileRef = A933816F14E16A9200FCA181 /* BeachBall.pod */; };
		A946F067144F765C00E6428B /* man.pod in Resources */ = {isa = PBXBuildFile; fileRef = A946F062144F765C00E6428B /* man.pod */; };
		A946F071144F992E00E6428B /* belt.png in Resources */ = {isa = PBXBuildFile; fileRef = A946F06E144F992E00E6428B /* belt.png */; };
		A946F072144F992E00E6428B /* body.png in Resources */ = {isa = PBXBuildFile; fileRef = A946F06F144F992E00E6428B /* body.png */; };
		A946F073144F992E00E6428B /* legs.png in Resources */ = {isa = PBXBuildFile; fileRef = A946F070144F992E00E6428B /* legs.png */; };
		A94736C7140E58C7006F410C /* main.m in Sources */ = {isa = PBXBuildFile; fileRef = A94736C6140E58C7006F410C /* main.m */; };
		A94736FA140E58E7006F410C /* CC3DemoMashUpAppDelegate.m in Sources */ = {isa = PBXBuildFile; fileRef = A94736CA140E58E7006F410C /* CC3DemoMashUpAppDelegate.m */; };
		A94736FB140E58E7006F410C /* CC3DemoMashUpLayer.m in Sources */ = {isa = PBXBuildFile; fileRef = A94736CC140E58E7006F410C /* CC3DemoMashUpLayer.m */; };
		A94736FC140E58E7006F410C /* CC3DemoMashUpScene.m in Sources */ = {isa = PBXBuildFile; fileRef = A94736CE140E58E7006F410C /* CC3DemoMashUpScene.m */; };
		A94736FD140E58E7006F410C /* CCNodeAdornments.m in Sources */ = {isa = PBXBuildFile; fileRef = A94736D1140E58E7006F410C /* CCNodeAdornments.m */; };
		A94736FE140E58E7006F410C /* CCNodeExtensions.m in Sources */ = {isa = PBXBuildFile; fileRef = A94736D3140E58E7006F410C /* CCNodeExtensions.m */; };
		A94736FF140E58E7006F410C /* Joystick.m in Sources */ = {isa = PBXBuildFile; fileRef = A94736D5140E58E7006F410C /* Joystick.m */; };
		A9473700140E58E7006F410C /* LandingCraft.m in Sources */ = {isa = PBXBuildFile; fileRef = A94736D7140E58E7006F410C /* LandingCraft.m */; };
		A95A5C5714E45AC00013359F /* Crate.png in Resources */ = {isa = PBXBuildFile; fileRef = A95A5C5514E45AC00013359F /* Crate.png */; };
		A96B35A014EF2689002A7363 /* GrassCloseUp.jpg in Resources */ = {isa = PBXBuildFile; fileRef = A96B359B14EF2689002A7363 /* GrassCloseUp.jpg */; };
		A96B35A114EF2689002A7363 /* GrassWithLeaves.jpg in Resources */ = {isa = PBXBuildFile; fileRef = A96B359C14EF2689002A7363 /* GrassWithLeaves.jpg */; };
		A96B35A214EF2689002A7363 /* MountainGrass.jpg in Resources */ = {isa = PBXBuildFile; fileRef = A96B359D14EF2689002A7363 /* MountainGrass.jpg */; };
		A96B35A414EF2689002A7363 /* Grass.jpg in Resources */ = {isa = PBXBuildFile; fileRef = A96B359F14EF2689002A7363 /* Grass.jpg */; };
		A9AAF0081525E41000E1620A /* Bricks-Red.jpg in Resources */ = {isa = PBXBuildFile; fileRef = A9AAF0071525E41000E1620A /* Bricks-Red.jpg */; };
		A9AE3D7D14E46118002805DA /* Stamp.png in Resources */ = {isa = PBXBuildFile; fileRef = A9AE3D7C14E46118002805DA /* Stamp.png */; };
		A9C94ABE1451924700CE6BAD /* mallet.png in Resources */ = {isa = PBXBuildFile; fileRef = A9C94ABC1451924700CE6BAD /* mallet.png */; };
		A9C94ABF1451924700CE6BAD /* mallet.pod in Resources */ = {isa = PBXBuildFile; fileRef = A9C94ABD1451924700CE6BAD /* mallet.pod */; };
		A9D58DBC14F5B44500C3A778 /* ShadowButton48x48.png in Resources */ = {isa = PBXBuildFile; fileRef = A9D58DBB14F5B44500C3A778 /* ShadowButton48x48.png */; };
		A9EBA32615376A4E007FFE0C /* HUDScene.m in Sources */ = {isa = PBXBuildFile; fileRef = A9EBA32515376A4E007FFE0C /* HUDScene.m */; };
		B64B3D52155ECF45004C2F6F /* Cocos2DKit.framework in Frameworks */ = {isa = PBXBuildFile; fileRef = B64B3D51155ECF45004C2F6F /* Cocos2DKit.framework */; };
		B64B3D80155ED7EE004C2F6F /* CC3ModelSampleFactory.m in Sources */ = {isa = PBXBuildFile; fileRef = B64B3D7C155ED7EE004C2F6F /* CC3ModelSampleFactory.m */; };
		B64B3D81155ED7EE004C2F6F /* CC3PointParticleSamples.m in Sources */ = {isa = PBXBuildFile; fileRef = B64B3D7E155ED7EE004C2F6F /* CC3PointParticleSamples.m */; };
		DC6640030F83B3EA000B3E49 /* AudioToolbox.framework in Frameworks */ = {isa = PBXBuildFile; fileRef = DC6640020F83B3EA000B3E49 /* AudioToolbox.framework */; };
		DC6640050F83B3EA000B3E49 /* OpenAL.framework in Frameworks */ = {isa = PBXBuildFile; fileRef = DC6640040F83B3EA000B3E49 /* OpenAL.framework */; };
		DCCBF1B70F6022AE0040855A /* CoreGraphics.framework in Frameworks */ = {isa = PBXBuildFile; fileRef = DCCBF1B60F6022AE0040855A /* CoreGraphics.framework */; };
		DCCBF1B90F6022AE0040855A /* Foundation.framework in Frameworks */ = {isa = PBXBuildFile; fileRef = DCCBF1B80F6022AE0040855A /* Foundation.framework */; };
		DCCBF1BB0F6022AE0040855A /* OpenGLES.framework in Frameworks */ = {isa = PBXBuildFile; fileRef = DCCBF1BA0F6022AE0040855A /* OpenGLES.framework */; };
		DCCBF1BD0F6022AE0040855A /* QuartzCore.framework in Frameworks */ = {isa = PBXBuildFile; fileRef = DCCBF1BC0F6022AE0040855A /* QuartzCore.framework */; };
		DCCBF1BF0F6022AE0040855A /* UIKit.framework in Frameworks */ = {isa = PBXBuildFile; fileRef = DCCBF1BE0F6022AE0040855A /* UIKit.framework */; };
/* End PBXBuildFile section */

/* Begin PBXContainerItemProxy section */
		B64B3D2A155ECED3004C2F6F /* PBXContainerItemProxy */ = {
			isa = PBXContainerItemProxy;
			containerPortal = B64B3D25155ECED3004C2F6F /* Cocos3D.xcodeproj */;
			proxyType = 2;
			remoteGlobalIDString = B6747D2F155EB226005D8E64;
			remoteInfo = Cocos3D;
		};
		B64B3D3F155ECEF7004C2F6F /* PBXContainerItemProxy */ = {
			isa = PBXContainerItemProxy;
			containerPortal = B64B3D25155ECED3004C2F6F /* Cocos3D.xcodeproj */;
			proxyType = 1;
			remoteGlobalIDString = B6747EBB155EC2FF005D8E64;
			remoteInfo = Distribution;
		};
/* End PBXContainerItemProxy section */

/* Begin PBXFileReference section */
		1D6058910D05DD3D006BFB54 /* CC3DemoMashUp.app */ = {isa = PBXFileReference; explicitFileType = wrapper.application; includeInIndex = 0; path = CC3DemoMashUp.app; sourceTree = BUILT_PRODUCTS_DIR; };
		506EDBA4102F4C9F00A389B3 /* AVFoundation.framework */ = {isa = PBXFileReference; lastKnownFileType = wrapper.framework; name = AVFoundation.framework; path = System/Library/Frameworks/AVFoundation.framework; sourceTree = SDKROOT; };
		A907DB12153A07E100A97C02 /* Stamp.pvr */ = {isa = PBXFileReference; lastKnownFileType = file; path = Stamp.pvr; sourceTree = "<group>"; };
		A92C6A11144A272900B15941 /* BoxTexture.png */ = {isa = PBXFileReference; lastKnownFileType = image.png; path = BoxTexture.png; sourceTree = "<group>"; };
		A92D8A0714F6B377009458BE /* ShadowButtonLatched48x48.png */ = {isa = PBXFileReference; lastKnownFileType = image.png; path = ShadowButtonLatched48x48.png; sourceTree = "<group>"; };
		A92DA78E1427B5980051AFFA /* ArrowLeftButton48x48.png */ = {isa = PBXFileReference; lastKnownFileType = image.png; path = ArrowLeftButton48x48.png; sourceTree = "<group>"; };
		A92DA7901427B5980051AFFA /* ButtonRing48x48.png */ = {isa = PBXFileReference; lastKnownFileType = image.png; path = ButtonRing48x48.png; sourceTree = "<group>"; };
		A92DA7911427B5980051AFFA /* cocos3dMascot.png */ = {isa = PBXFileReference; lastKnownFileType = image.png; path = cocos3dMascot.png; sourceTree = "<group>"; };
		A92DA7921427B5980051AFFA /* cocos3dMascot.pod */ = {isa = PBXFileReference; lastKnownFileType = file; path = cocos3dMascot.pod; sourceTree = "<group>"; };
		A92DA7931427B5980051AFFA /* Crate.pvr */ = {isa = PBXFileReference; lastKnownFileType = file; path = Crate.pvr; sourceTree = "<group>"; };
		A92DA7941427B5980051AFFA /* debian.plist */ = {isa = PBXFileReference; fileEncoding = 4; lastKnownFileType = text.plist.xml; path = debian.plist; sourceTree = "<group>"; };
		A92DA7951427B5980051AFFA /* Default.png */ = {isa = PBXFileReference; lastKnownFileType = image.png; path = Default.png; sourceTree = "<group>"; };
		A92DA7961427B5980051AFFA /* DieCube.pod */ = {isa = PBXFileReference; lastKnownFileType = file; path = DieCube.pod; sourceTree = "<group>"; };
		A92DA7971427B5980051AFFA /* fire.png */ = {isa = PBXFileReference; lastKnownFileType = image.png; path = fire.png; sourceTree = "<group>"; };
		A92DA7981427B5980051AFFA /* fps_images.png */ = {isa = PBXFileReference; lastKnownFileType = image.png; path = fps_images.png; sourceTree = "<group>"; };
		A92DA79A1427B5980051AFFA /* GridButton48x48.png */ = {isa = PBXFileReference; lastKnownFileType = image.png; path = GridButton48x48.png; sourceTree = "<group>"; };
		A92DA79B1427B5980051AFFA /* Head.pod */ = {isa = PBXFileReference; lastKnownFileType = file; path = Head.pod; sourceTree = "<group>"; };
		A92DA79C1427B5980051AFFA /* Head_clonespacePVRTC.pvr */ = {isa = PBXFileReference; lastKnownFileType = file; path = Head_clonespacePVRTC.pvr; sourceTree = "<group>"; };
		A92DA79D1427B5980051AFFA /* Head_diffuse.pvr */ = {isa = PBXFileReference; lastKnownFileType = file; path = Head_diffuse.pvr; sourceTree = "<group>"; };
		A92DA79F1427B5980051AFFA /* Icon-72.png */ = {isa = PBXFileReference; lastKnownFileType = image.png; path = "Icon-72.png"; sourceTree = "<group>"; };
		A92DA7A01427B5980051AFFA /* Icon-Small-50.png */ = {isa = PBXFileReference; lastKnownFileType = image.png; path = "Icon-Small-50.png"; sourceTree = "<group>"; };
		A92DA7A11427B5980051AFFA /* Icon-Small.png */ = {isa = PBXFileReference; lastKnownFileType = image.png; path = "Icon-Small.png"; sourceTree = "<group>"; };
		A92DA7A21427B5980051AFFA /* Icon-Small@2x.png */ = {isa = PBXFileReference; lastKnownFileType = image.png; path = "Icon-Small@2x.png"; sourceTree = "<group>"; };
		A92DA7A31427B5980051AFFA /* Icon.png */ = {isa = PBXFileReference; lastKnownFileType = image.png; path = Icon.png; sourceTree = "<group>"; };
		A92DA7A41427B5980051AFFA /* Icon@2x.png */ = {isa = PBXFileReference; lastKnownFileType = image.png; path = "Icon@2x.png"; sourceTree = "<group>"; };
		A92DA7A61427B5980051AFFA /* IntroducingPOD_float.pod */ = {isa = PBXFileReference; lastKnownFileType = file; path = IntroducingPOD_float.pod; sourceTree = "<group>"; };
		A92DA7A71427B5980051AFFA /* ItunesArtwork */ = {isa = PBXFileReference; lastKnownFileType = file; path = ItunesArtwork; sourceTree = "<group>"; };
		A92DA7A81427B5980051AFFA /* JoystickThumb.png */ = {isa = PBXFileReference; lastKnownFileType = image.png; path = JoystickThumb.png; sourceTree = "<group>"; };
		A92DA7A91427B5980051AFFA /* Shine48x48.png */ = {isa = PBXFileReference; lastKnownFileType = image.png; path = Shine48x48.png; sourceTree = "<group>"; };
		A92DA7AA1427B5980051AFFA /* Stamp-nm.pvr */ = {isa = PBXFileReference; lastKnownFileType = file; path = "Stamp-nm.pvr"; sourceTree = "<group>"; };
		A92DA7AC1427B5980051AFFA /* SunlightButton48x48.png */ = {isa = PBXFileReference; lastKnownFileType = image.png; path = SunlightButton48x48.png; sourceTree = "<group>"; };
		A92DA7AD1427B5980051AFFA /* tex_arm.pvr */ = {isa = PBXFileReference; lastKnownFileType = file; path = tex_arm.pvr; sourceTree = "<group>"; };
		A92DA7AE1427B5980051AFFA /* tex_base.pvr */ = {isa = PBXFileReference; lastKnownFileType = file; path = tex_base.pvr; sourceTree = "<group>"; };
		A92DA7AF1427B5980051AFFA /* ZoomButton48x48.png */ = {isa = PBXFileReference; lastKnownFileType = image.png; path = ZoomButton48x48.png; sourceTree = "<group>"; };
		A92DA86E1427CD7D0051AFFA /* Info.plist */ = {isa = PBXFileReference; fileEncoding = 4; lastKnownFileType = text.plist.xml; path = Info.plist; sourceTree = "<group>"; };
		A9306A831445B23C0004EB5A /* HUDLayer.h */ = {isa = PBXFileReference; fileEncoding = 4; lastKnownFileType = sourcecode.c.h; path = HUDLayer.h; sourceTree = "<group>"; };
		A9306A841445B23C0004EB5A /* HUDLayer.m */ = {isa = PBXFileReference; fileEncoding = 4; lastKnownFileType = sourcecode.c.objc; path = HUDLayer.m; sourceTree = "<group>"; };
		A933812D14E09E9000FCA181 /* Earth_1024.jpg */ = {isa = PBXFileReference; lastKnownFileType = image.jpeg; path = Earth_1024.jpg; sourceTree = "<group>"; };
		A933816F14E16A9200FCA181 /* BeachBall.pod */ = {isa = PBXFileReference; lastKnownFileType = file; path = BeachBall.pod; sourceTree = "<group>"; };
		A946F062144F765C00E6428B /* man.pod */ = {isa = PBXFileReference; lastKnownFileType = file; path = man.pod; sourceTree = "<group>"; };
		A946F06E144F992E00E6428B /* belt.png */ = {isa = PBXFileReference; lastKnownFileType = image.png; path = belt.png; sourceTree = "<group>"; };
		A946F06F144F992E00E6428B /* body.png */ = {isa = PBXFileReference; lastKnownFileType = image.png; path = body.png; sourceTree = "<group>"; };
		A946F070144F992E00E6428B /* legs.png */ = {isa = PBXFileReference; lastKnownFileType = image.png; path = legs.png; sourceTree = "<group>"; };
		A94736C5140E58C7006F410C /* CC3DemoMashUp_Prefix.pch */ = {isa = PBXFileReference; fileEncoding = 4; lastKnownFileType = sourcecode.c.h; name = CC3DemoMashUp_Prefix.pch; path = CC3DemoMashUp/CC3DemoMashUp_Prefix.pch; sourceTree = "<group>"; };
		A94736C6140E58C7006F410C /* main.m */ = {isa = PBXFileReference; fileEncoding = 4; lastKnownFileType = sourcecode.c.objc; name = main.m; path = CC3DemoMashUp/main.m; sourceTree = "<group>"; };
		A94736C9140E58E7006F410C /* CC3DemoMashUpAppDelegate.h */ = {isa = PBXFileReference; fileEncoding = 4; lastKnownFileType = sourcecode.c.h; path = CC3DemoMashUpAppDelegate.h; sourceTree = "<group>"; };
		A94736CA140E58E7006F410C /* CC3DemoMashUpAppDelegate.m */ = {isa = PBXFileReference; fileEncoding = 4; lastKnownFileType = sourcecode.c.objc; path = CC3DemoMashUpAppDelegate.m; sourceTree = "<group>"; };
		A94736CB140E58E7006F410C /* CC3DemoMashUpLayer.h */ = {isa = PBXFileReference; fileEncoding = 4; lastKnownFileType = sourcecode.c.h; path = CC3DemoMashUpLayer.h; sourceTree = "<group>"; };
		A94736CC140E58E7006F410C /* CC3DemoMashUpLayer.m */ = {isa = PBXFileReference; fileEncoding = 4; lastKnownFileType = sourcecode.c.objc; path = CC3DemoMashUpLayer.m; sourceTree = "<group>"; };
		A94736CD140E58E7006F410C /* CC3DemoMashUpScene.h */ = {isa = PBXFileReference; fileEncoding = 4; lastKnownFileType = sourcecode.c.h; path = CC3DemoMashUpScene.h; sourceTree = "<group>"; };
		A94736CE140E58E7006F410C /* CC3DemoMashUpScene.m */ = {isa = PBXFileReference; fileEncoding = 4; lastKnownFileType = sourcecode.c.objc; path = CC3DemoMashUpScene.m; sourceTree = "<group>"; };
		A94736D0140E58E7006F410C /* CCNodeAdornments.h */ = {isa = PBXFileReference; fileEncoding = 4; lastKnownFileType = sourcecode.c.h; path = CCNodeAdornments.h; sourceTree = "<group>"; };
		A94736D1140E58E7006F410C /* CCNodeAdornments.m */ = {isa = PBXFileReference; fileEncoding = 4; lastKnownFileType = sourcecode.c.objc; path = CCNodeAdornments.m; sourceTree = "<group>"; };
		A94736D2140E58E7006F410C /* CCNodeExtensions.h */ = {isa = PBXFileReference; fileEncoding = 4; lastKnownFileType = sourcecode.c.h; path = CCNodeExtensions.h; sourceTree = "<group>"; };
		A94736D3140E58E7006F410C /* CCNodeExtensions.m */ = {isa = PBXFileReference; fileEncoding = 4; lastKnownFileType = sourcecode.c.objc; path = CCNodeExtensions.m; sourceTree = "<group>"; };
		A94736D4140E58E7006F410C /* Joystick.h */ = {isa = PBXFileReference; fileEncoding = 4; lastKnownFileType = sourcecode.c.h; path = Joystick.h; sourceTree = "<group>"; };
		A94736D5140E58E7006F410C /* Joystick.m */ = {isa = PBXFileReference; fileEncoding = 4; lastKnownFileType = sourcecode.c.objc; path = Joystick.m; sourceTree = "<group>"; };
		A94736D6140E58E7006F410C /* LandingCraft.h */ = {isa = PBXFileReference; fileEncoding = 4; lastKnownFileType = sourcecode.c.h; path = LandingCraft.h; sourceTree = "<group>"; };
		A94736D7140E58E7006F410C /* LandingCraft.m */ = {isa = PBXFileReference; fileEncoding = 4; lastKnownFileType = sourcecode.c.objc; path = LandingCraft.m; sourceTree = "<group>"; };
		A95A5C5514E45AC00013359F /* Crate.png */ = {isa = PBXFileReference; lastKnownFileType = image.png; path = Crate.png; sourceTree = "<group>"; };
		A96B359B14EF2689002A7363 /* GrassCloseUp.jpg */ = {isa = PBXFileReference; lastKnownFileType = image.jpeg; path = GrassCloseUp.jpg; sourceTree = "<group>"; };
		A96B359C14EF2689002A7363 /* GrassWithLeaves.jpg */ = {isa = PBXFileReference; lastKnownFileType = image.jpeg; path = GrassWithLeaves.jpg; sourceTree = "<group>"; };
		A96B359D14EF2689002A7363 /* MountainGrass.jpg */ = {isa = PBXFileReference; lastKnownFileType = image.jpeg; path = MountainGrass.jpg; sourceTree = "<group>"; };
		A96B359F14EF2689002A7363 /* Grass.jpg */ = {isa = PBXFileReference; lastKnownFileType = image.jpeg; path = Grass.jpg; sourceTree = "<group>"; };
		A9AAF0071525E41000E1620A /* Bricks-Red.jpg */ = {isa = PBXFileReference; lastKnownFileType = image.jpeg; path = "Bricks-Red.jpg"; sourceTree = "<group>"; };
		A9AE3D7C14E46118002805DA /* Stamp.png */ = {isa = PBXFileReference; lastKnownFileType = image.png; path = Stamp.png; sourceTree = "<group>"; };
		A9C94ABC1451924700CE6BAD /* mallet.png */ = {isa = PBXFileReference; lastKnownFileType = image.png; path = mallet.png; sourceTree = "<group>"; };
		A9C94ABD1451924700CE6BAD /* mallet.pod */ = {isa = PBXFileReference; lastKnownFileType = file; path = mallet.pod; sourceTree = "<group>"; };
		A9D58DBB14F5B44500C3A778 /* ShadowButton48x48.png */ = {isa = PBXFileReference; lastKnownFileType = image.png; path = ShadowButton48x48.png; sourceTree = "<group>"; };
		A9EBA32415376A4E007FFE0C /* HUDScene.h */ = {isa = PBXFileReference; fileEncoding = 4; lastKnownFileType = sourcecode.c.h; path = HUDScene.h; sourceTree = "<group>"; };
		A9EBA32515376A4E007FFE0C /* HUDScene.m */ = {isa = PBXFileReference; fileEncoding = 4; lastKnownFileType = sourcecode.c.objc; path = HUDScene.m; sourceTree = "<group>"; };
		B64B3D25155ECED3004C2F6F /* Cocos3D.xcodeproj */ = {isa = PBXFileReference; lastKnownFileType = "wrapper.pb-project"; name = Cocos3D.xcodeproj; path = ../../Cocos3D.xcodeproj; sourceTree = "<group>"; };
		B64B3D51155ECF45004C2F6F /* Cocos2DKit.framework */ = {isa = PBXFileReference; lastKnownFileType = wrapper.framework; name = Cocos2DKit.framework; path = ../../Vendor/Frameworks/Cocos2DKit.framework; sourceTree = "<group>"; };
		B64B3D7B155ED7EE004C2F6F /* CC3ModelSampleFactory.h */ = {isa = PBXFileReference; fileEncoding = 4; lastKnownFileType = sourcecode.c.h; path = CC3ModelSampleFactory.h; sourceTree = "<group>"; };
		B64B3D7C155ED7EE004C2F6F /* CC3ModelSampleFactory.m */ = {isa = PBXFileReference; fileEncoding = 4; lastKnownFileType = sourcecode.c.objc; path = CC3ModelSampleFactory.m; sourceTree = "<group>"; };
		B64B3D7D155ED7EE004C2F6F /* CC3PointParticleSamples.h */ = {isa = PBXFileReference; fileEncoding = 4; lastKnownFileType = sourcecode.c.h; path = CC3PointParticleSamples.h; sourceTree = "<group>"; };
		B64B3D7E155ED7EE004C2F6F /* CC3PointParticleSamples.m */ = {isa = PBXFileReference; fileEncoding = 4; lastKnownFileType = sourcecode.c.objc; path = CC3PointParticleSamples.m; sourceTree = "<group>"; };
		B64B3D7F155ED7EE004C2F6F /* teapot.h */ = {isa = PBXFileReference; fileEncoding = 4; lastKnownFileType = sourcecode.c.h; path = teapot.h; sourceTree = "<group>"; };
		DC6640020F83B3EA000B3E49 /* AudioToolbox.framework */ = {isa = PBXFileReference; lastKnownFileType = wrapper.framework; name = AudioToolbox.framework; path = System/Library/Frameworks/AudioToolbox.framework; sourceTree = SDKROOT; };
		DC6640040F83B3EA000B3E49 /* OpenAL.framework */ = {isa = PBXFileReference; lastKnownFileType = wrapper.framework; name = OpenAL.framework; path = System/Library/Frameworks/OpenAL.framework; sourceTree = SDKROOT; };
		DCCBF1B60F6022AE0040855A /* CoreGraphics.framework */ = {isa = PBXFileReference; lastKnownFileType = wrapper.framework; name = CoreGraphics.framework; path = System/Library/Frameworks/CoreGraphics.framework; sourceTree = SDKROOT; };
		DCCBF1B80F6022AE0040855A /* Foundation.framework */ = {isa = PBXFileReference; lastKnownFileType = wrapper.framework; name = Foundation.framework; path = System/Library/Frameworks/Foundation.framework; sourceTree = SDKROOT; };
		DCCBF1BA0F6022AE0040855A /* OpenGLES.framework */ = {isa = PBXFileReference; lastKnownFileType = wrapper.framework; name = OpenGLES.framework; path = System/Library/Frameworks/OpenGLES.framework; sourceTree = SDKROOT; };
		DCCBF1BC0F6022AE0040855A /* QuartzCore.framework */ = {isa = PBXFileReference; lastKnownFileType = wrapper.framework; name = QuartzCore.framework; path = System/Library/Frameworks/QuartzCore.framework; sourceTree = SDKROOT; };
		DCCBF1BE0F6022AE0040855A /* UIKit.framework */ = {isa = PBXFileReference; lastKnownFileType = wrapper.framework; name = UIKit.framework; path = System/Library/Frameworks/UIKit.framework; sourceTree = SDKROOT; };
/* End PBXFileReference section */

/* Begin PBXFrameworksBuildPhase section */
		1D60588F0D05DD3D006BFB54 /* Frameworks */ = {
			isa = PBXFrameworksBuildPhase;
			buildActionMask = 2147483647;
			files = (
				DCCBF1B70F6022AE0040855A /* CoreGraphics.framework in Frameworks */,
				DCCBF1B90F6022AE0040855A /* Foundation.framework in Frameworks */,
				DCCBF1BB0F6022AE0040855A /* OpenGLES.framework in Frameworks */,
				DCCBF1BD0F6022AE0040855A /* QuartzCore.framework in Frameworks */,
				DCCBF1BF0F6022AE0040855A /* UIKit.framework in Frameworks */,
				DC6640030F83B3EA000B3E49 /* AudioToolbox.framework in Frameworks */,
				DC6640050F83B3EA000B3E49 /* OpenAL.framework in Frameworks */,
				506EDBA5102F4C9F00A389B3 /* AVFoundation.framework in Frameworks */,
				B64B3D52155ECF45004C2F6F /* Cocos2DKit.framework in Frameworks */,
			);
			runOnlyForDeploymentPostprocessing = 0;
		};
/* End PBXFrameworksBuildPhase section */

/* Begin PBXGroup section */
		19C28FACFE9D520D11CA2CBB /* Products */ = {
			isa = PBXGroup;
			children = (
				1D6058910D05DD3D006BFB54 /* CC3DemoMashUp.app */,
			);
			name = Products;
			sourceTree = "<group>";
		};
		29B97314FDCFA39411CA2CEA /* CustomTemplate */ = {
			isa = PBXGroup;
			children = (
				B64B3D25155ECED3004C2F6F /* Cocos3D.xcodeproj */,
				B64B3D7A155ED7EE004C2F6F /* cc3Extras */,
				A94736C8140E58E7006F410C /* Classes */,
				A92DA78D1427B5980051AFFA /* Resources */,
				A94736C3140E5890006F410C /* Supporting Files */,
				29B97323FDCFA39411CA2CEA /* Frameworks */,
				19C28FACFE9D520D11CA2CBB /* Products */,
			);
			name = CustomTemplate;
			sourceTree = "<group>";
		};
		29B97323FDCFA39411CA2CEA /* Frameworks */ = {
			isa = PBXGroup;
			children = (
				B64B3D51155ECF45004C2F6F /* Cocos2DKit.framework */,
				DCCBF1B60F6022AE0040855A /* CoreGraphics.framework */,
				DCCBF1B80F6022AE0040855A /* Foundation.framework */,
				DCCBF1BA0F6022AE0040855A /* OpenGLES.framework */,
				DCCBF1BC0F6022AE0040855A /* QuartzCore.framework */,
				DCCBF1BE0F6022AE0040855A /* UIKit.framework */,
				DC6640040F83B3EA000B3E49 /* OpenAL.framework */,
				DC6640020F83B3EA000B3E49 /* AudioToolbox.framework */,
				506EDBA4102F4C9F00A389B3 /* AVFoundation.framework */,
			);
			name = Frameworks;
			sourceTree = "<group>";
		};
		A92DA78D1427B5980051AFFA /* Resources */ = {
			isa = PBXGroup;
			children = (
				A92DA78E1427B5980051AFFA /* ArrowLeftButton48x48.png */,
				A933816F14E16A9200FCA181 /* BeachBall.pod */,
				A946F06E144F992E00E6428B /* belt.png */,
				A946F06F144F992E00E6428B /* body.png */,
				A92C6A11144A272900B15941 /* BoxTexture.png */,
				A9AAF0071525E41000E1620A /* Bricks-Red.jpg */,
				A92DA7901427B5980051AFFA /* ButtonRing48x48.png */,
				A92DA7911427B5980051AFFA /* cocos3dMascot.png */,
				A92DA7921427B5980051AFFA /* cocos3dMascot.pod */,
				A95A5C5514E45AC00013359F /* Crate.png */,
				A92DA7931427B5980051AFFA /* Crate.pvr */,
				A92DA7941427B5980051AFFA /* debian.plist */,
				A92DA7951427B5980051AFFA /* Default.png */,
				A92DA7961427B5980051AFFA /* DieCube.pod */,
				A933812D14E09E9000FCA181 /* Earth_1024.jpg */,
				A92DA7971427B5980051AFFA /* fire.png */,
				A92DA7981427B5980051AFFA /* fps_images.png */,
				A96B359F14EF2689002A7363 /* Grass.jpg */,
				A96B359C14EF2689002A7363 /* GrassWithLeaves.jpg */,
				A96B359B14EF2689002A7363 /* GrassCloseUp.jpg */,
				A92DA79A1427B5980051AFFA /* GridButton48x48.png */,
				A92DA79B1427B5980051AFFA /* Head.pod */,
				A92DA79C1427B5980051AFFA /* Head_clonespacePVRTC.pvr */,
				A92DA79D1427B5980051AFFA /* Head_diffuse.pvr */,
				A92DA79F1427B5980051AFFA /* Icon-72.png */,
				A92DA7A01427B5980051AFFA /* Icon-Small-50.png */,
				A92DA7A11427B5980051AFFA /* Icon-Small.png */,
				A92DA7A21427B5980051AFFA /* Icon-Small@2x.png */,
				A92DA7A31427B5980051AFFA /* Icon.png */,
				A92DA7A41427B5980051AFFA /* Icon@2x.png */,
				A92DA86E1427CD7D0051AFFA /* Info.plist */,
				A92DA7A61427B5980051AFFA /* IntroducingPOD_float.pod */,
				A92DA7A71427B5980051AFFA /* ItunesArtwork */,
				A92DA7A81427B5980051AFFA /* JoystickThumb.png */,
				A946F070144F992E00E6428B /* legs.png */,
				A9C94ABC1451924700CE6BAD /* mallet.png */,
				A9C94ABD1451924700CE6BAD /* mallet.pod */,
				A946F062144F765C00E6428B /* man.pod */,
				A96B359D14EF2689002A7363 /* MountainGrass.jpg */,
				A9D58DBB14F5B44500C3A778 /* ShadowButton48x48.png */,
				A92D8A0714F6B377009458BE /* ShadowButtonLatched48x48.png */,
				A92DA7A91427B5980051AFFA /* Shine48x48.png */,
				A92DA7AA1427B5980051AFFA /* Stamp-nm.pvr */,
				A9AE3D7C14E46118002805DA /* Stamp.png */,
				A907DB12153A07E100A97C02 /* Stamp.pvr */,
				A92DA7AC1427B5980051AFFA /* SunlightButton48x48.png */,
				A92DA7AD1427B5980051AFFA /* tex_arm.pvr */,
				A92DA7AE1427B5980051AFFA /* tex_base.pvr */,
				A92DA7AF1427B5980051AFFA /* ZoomButton48x48.png */,
			);
			name = Resources;
			path = ../Common/Resources;
			sourceTree = "<group>";
		};
		A94736C3140E5890006F410C /* Supporting Files */ = {
			isa = PBXGroup;
			children = (
				A94736C5140E58C7006F410C /* CC3DemoMashUp_Prefix.pch */,
				A94736C6140E58C7006F410C /* main.m */,
			);
			name = "Supporting Files";
			sourceTree = "<group>";
		};
		A94736C8140E58E7006F410C /* Classes */ = {
			isa = PBXGroup;
			children = (
				A94736C9140E58E7006F410C /* CC3DemoMashUpAppDelegate.h */,
				A94736CA140E58E7006F410C /* CC3DemoMashUpAppDelegate.m */,
				A94736CB140E58E7006F410C /* CC3DemoMashUpLayer.h */,
				A94736CC140E58E7006F410C /* CC3DemoMashUpLayer.m */,
				A94736CD140E58E7006F410C /* CC3DemoMashUpScene.h */,
				A94736CE140E58E7006F410C /* CC3DemoMashUpScene.m */,
				A94736D6140E58E7006F410C /* LandingCraft.h */,
				A94736D7140E58E7006F410C /* LandingCraft.m */,
				A9306A831445B23C0004EB5A /* HUDLayer.h */,
				A9306A841445B23C0004EB5A /* HUDLayer.m */,
				A9EBA32415376A4E007FFE0C /* HUDScene.h */,
				A9EBA32515376A4E007FFE0C /* HUDScene.m */,
				A94736CF140E58E7006F410C /* Controls */,
			);
			name = Classes;
			path = CC3DemoMashUp/Classes;
			sourceTree = "<group>";
		};
		A94736CF140E58E7006F410C /* Controls */ = {
			isa = PBXGroup;
			children = (
				A94736D0140E58E7006F410C /* CCNodeAdornments.h */,
				A94736D1140E58E7006F410C /* CCNodeAdornments.m */,
				A94736D2140E58E7006F410C /* CCNodeExtensions.h */,
				A94736D3140E58E7006F410C /* CCNodeExtensions.m */,
				A94736D4140E58E7006F410C /* Joystick.h */,
				A94736D5140E58E7006F410C /* Joystick.m */,
			);
			path = Controls;
			sourceTree = "<group>";
		};
		B64B3D26155ECED3004C2F6F /* Products */ = {
			isa = PBXGroup;
			children = (
				B64B3D2B155ECED3004C2F6F /* libCocos3D.a */,
			);
			name = Products;
			sourceTree = "<group>";
		};
		B64B3D7A155ED7EE004C2F6F /* cc3Extras */ = {
			isa = PBXGroup;
			children = (
				B64B3D7B155ED7EE004C2F6F /* CC3ModelSampleFactory.h */,
				B64B3D7C155ED7EE004C2F6F /* CC3ModelSampleFactory.m */,
				B64B3D7D155ED7EE004C2F6F /* CC3PointParticleSamples.h */,
				B64B3D7E155ED7EE004C2F6F /* CC3PointParticleSamples.m */,
				B64B3D7F155ED7EE004C2F6F /* teapot.h */,
			);
			name = cc3Extras;
			path = ../../cocos3d/cc3Extras;
			sourceTree = "<group>";
		};
/* End PBXGroup section */

/* Begin PBXNativeTarget section */
		1D6058900D05DD3D006BFB54 /* CC3DemoMashUp */ = {
			isa = PBXNativeTarget;
			buildConfigurationList = 1D6058960D05DD3E006BFB54 /* Build configuration list for PBXNativeTarget "CC3DemoMashUp" */;
			buildPhases = (
				1D60588D0D05DD3D006BFB54 /* Resources */,
				1D60588E0D05DD3D006BFB54 /* Sources */,
				1D60588F0D05DD3D006BFB54 /* Frameworks */,
			);
			buildRules = (
			);
			dependencies = (
				B64B3D40155ECEF7004C2F6F /* PBXTargetDependency */,
			);
			name = CC3DemoMashUp;
			productName = CC3DemoMashUp;
			productReference = 1D6058910D05DD3D006BFB54 /* CC3DemoMashUp.app */;
			productType = "com.apple.product-type.application";
		};
/* End PBXNativeTarget section */

/* Begin PBXProject section */
		29B97313FDCFA39411CA2CEA /* Project object */ = {
			isa = PBXProject;
			attributes = {
				LastUpgradeCheck = 0430;
			};
			buildConfigurationList = C01FCF4E08A954540054247B /* Build configuration list for PBXProject "CC3DemoMashUp" */;
			compatibilityVersion = "Xcode 3.2";
			developmentRegion = English;
			hasScannedForEncodings = 1;
			knownRegions = (
				English,
				Japanese,
				French,
				German,
			);
			mainGroup = 29B97314FDCFA39411CA2CEA /* CustomTemplate */;
			projectDirPath = "";
			projectReferences = (
				{
					ProductGroup = B64B3D26155ECED3004C2F6F /* Products */;
					ProjectRef = B64B3D25155ECED3004C2F6F /* Cocos3D.xcodeproj */;
				},
			);
			projectRoot = "";
			targets = (
				1D6058900D05DD3D006BFB54 /* CC3DemoMashUp */,
			);
		};
/* End PBXProject section */

/* Begin PBXReferenceProxy section */
		B64B3D2B155ECED3004C2F6F /* libCocos3D.a */ = {
			isa = PBXReferenceProxy;
			fileType = archive.ar;
			path = libCocos3D.a;
			remoteRef = B64B3D2A155ECED3004C2F6F /* PBXContainerItemProxy */;
			sourceTree = BUILT_PRODUCTS_DIR;
		};
/* End PBXReferenceProxy section */

/* Begin PBXResourcesBuildPhase section */
		1D60588D0D05DD3D006BFB54 /* Resources */ = {
			isa = PBXResourcesBuildPhase;
			buildActionMask = 2147483647;
			files = (
				A92DA7B01427B5980051AFFA /* ArrowLeftButton48x48.png in Resources */,
				A92DA7B21427B5980051AFFA /* ButtonRing48x48.png in Resources */,
				A92DA7B31427B5980051AFFA /* cocos3dMascot.png in Resources */,
				A92DA7B41427B5980051AFFA /* cocos3dMascot.pod in Resources */,
				A92DA7B51427B5980051AFFA /* Crate.pvr in Resources */,
				A92DA7B61427B5980051AFFA /* debian.plist in Resources */,
				A92DA7B71427B5980051AFFA /* Default.png in Resources */,
				A92DA7B81427B5980051AFFA /* DieCube.pod in Resources */,
				A92DA7B91427B5980051AFFA /* fire.png in Resources */,
				A92DA7BA1427B5980051AFFA /* fps_images.png in Resources */,
				A92DA7BC1427B5980051AFFA /* GridButton48x48.png in Resources */,
				A92DA7BD1427B5980051AFFA /* Head.pod in Resources */,
				A92DA7BE1427B5980051AFFA /* Head_clonespacePVRTC.pvr in Resources */,
				A92DA7BF1427B5980051AFFA /* Head_diffuse.pvr in Resources */,
				A92DA7C11427B5980051AFFA /* Icon-72.png in Resources */,
				A92DA7C21427B5980051AFFA /* Icon-Small-50.png in Resources */,
				A92DA7C31427B5980051AFFA /* Icon-Small.png in Resources */,
				A92DA7C41427B5980051AFFA /* Icon-Small@2x.png in Resources */,
				A92DA7C51427B5980051AFFA /* Icon.png in Resources */,
				A92DA7C61427B5980051AFFA /* Icon@2x.png in Resources */,
				A92DA7C81427B5980051AFFA /* IntroducingPOD_float.pod in Resources */,
				A92DA7C91427B5980051AFFA /* ItunesArtwork in Resources */,
				A92DA7CA1427B5980051AFFA /* JoystickThumb.png in Resources */,
				A92DA7CB1427B5980051AFFA /* Shine48x48.png in Resources */,
				A92DA7CC1427B5980051AFFA /* Stamp-nm.pvr in Resources */,
				A92DA7CE1427B5980051AFFA /* SunlightButton48x48.png in Resources */,
				A92DA7CF1427B5980051AFFA /* tex_arm.pvr in Resources */,
				A92DA7D01427B5980051AFFA /* tex_base.pvr in Resources */,
				A92DA7D11427B5980051AFFA /* ZoomButton48x48.png in Resources */,
				A92C6A12144A272900B15941 /* BoxTexture.png in Resources */,
				A946F067144F765C00E6428B /* man.pod in Resources */,
				A946F071144F992E00E6428B /* belt.png in Resources */,
				A946F072144F992E00E6428B /* body.png in Resources */,
				A946F073144F992E00E6428B /* legs.png in Resources */,
				A9C94ABE1451924700CE6BAD /* mallet.png in Resources */,
				A9C94ABF1451924700CE6BAD /* mallet.pod in Resources */,
				A933812E14E09E9000FCA181 /* Earth_1024.jpg in Resources */,
				A933817014E16A9200FCA181 /* BeachBall.pod in Resources */,
				A95A5C5714E45AC00013359F /* Crate.png in Resources */,
				A9AE3D7D14E46118002805DA /* Stamp.png in Resources */,
				A96B35A014EF2689002A7363 /* GrassCloseUp.jpg in Resources */,
				A96B35A114EF2689002A7363 /* GrassWithLeaves.jpg in Resources */,
				A96B35A214EF2689002A7363 /* MountainGrass.jpg in Resources */,
				A96B35A414EF2689002A7363 /* Grass.jpg in Resources */,
				A9D58DBC14F5B44500C3A778 /* ShadowButton48x48.png in Resources */,
				A92D8A0814F6B377009458BE /* ShadowButtonLatched48x48.png in Resources */,
				A9AAF0081525E41000E1620A /* Bricks-Red.jpg in Resources */,
				A907DB13153A07E100A97C02 /* Stamp.pvr in Resources */,
			);
			runOnlyForDeploymentPostprocessing = 0;
		};
/* End PBXResourcesBuildPhase section */

/* Begin PBXSourcesBuildPhase section */
		1D60588E0D05DD3D006BFB54 /* Sources */ = {
			isa = PBXSourcesBuildPhase;
			buildActionMask = 2147483647;
			files = (
				A94736C7140E58C7006F410C /* main.m in Sources */,
				A94736FA140E58E7006F410C /* CC3DemoMashUpAppDelegate.m in Sources */,
				A94736FB140E58E7006F410C /* CC3DemoMashUpLayer.m in Sources */,
				A94736FC140E58E7006F410C /* CC3DemoMashUpScene.m in Sources */,
				A94736FD140E58E7006F410C /* CCNodeAdornments.m in Sources */,
				A94736FE140E58E7006F410C /* CCNodeExtensions.m in Sources */,
				A94736FF140E58E7006F410C /* Joystick.m in Sources */,
				A9473700140E58E7006F410C /* LandingCraft.m in Sources */,
				A9306A851445B23C0004EB5A /* HUDLayer.m in Sources */,
				A9EBA32615376A4E007FFE0C /* HUDScene.m in Sources */,
				B64B3D80155ED7EE004C2F6F /* CC3ModelSampleFactory.m in Sources */,
				B64B3D81155ED7EE004C2F6F /* CC3PointParticleSamples.m in Sources */,
			);
			runOnlyForDeploymentPostprocessing = 0;
		};
/* End PBXSourcesBuildPhase section */

/* Begin PBXTargetDependency section */
		B64B3D40155ECEF7004C2F6F /* PBXTargetDependency */ = {
			isa = PBXTargetDependency;
			name = Distribution;
			targetProxy = B64B3D3F155ECEF7004C2F6F /* PBXContainerItemProxy */;
		};
/* End PBXTargetDependency section */

/* Begin XCBuildConfiguration section */
		1D6058940D05DD3E006BFB54 /* Debug */ = {
			isa = XCBuildConfiguration;
			buildSettings = {
				FRAMEWORK_SEARCH_PATHS = (
					"$(inherited)",
					"\"$(SRCROOT)/../../Vendor/Frameworks\"",
				);
				GCC_PREFIX_HEADER = CC3DemoMashUp/CC3DemoMashUp_Prefix.pch;
				INFOPLIST_FILE = ../Common/Resources/Info.plist;
				OTHER_LDFLAGS = (
					"-framework",
					Cocos3D,
					"-lz",
					"-lstdc++",
					"$(inherited)",
				);
				PRODUCT_NAME = CC3DemoMashUp;
				WARNING_CFLAGS = "-Wall";
			};
			name = Debug;
		};
		1D6058950D05DD3E006BFB54 /* Release */ = {
			isa = XCBuildConfiguration;
			buildSettings = {
				FRAMEWORK_SEARCH_PATHS = (
					"$(inherited)",
					"\"$(SRCROOT)/../../Vendor/Frameworks\"",
				);
				GCC_PREFIX_HEADER = CC3DemoMashUp/CC3DemoMashUp_Prefix.pch;
				INFOPLIST_FILE = ../Common/Resources/Info.plist;
				OTHER_LDFLAGS = (
					"-framework",
					Cocos3D,
					"-lz",
					"-lstdc++",
					"$(inherited)",
				);
				PRODUCT_NAME = CC3DemoMashUp;
				WARNING_CFLAGS = "-Wall";
			};
			name = Release;
		};
		C01FCF4F08A954540054247B /* Debug */ = {
			isa = XCBuildConfiguration;
			buildSettings = {
				ALWAYS_SEARCH_USER_PATHS = NO;
				ARCHS = "$(ARCHS_STANDARD_32_BIT)";
				"CODE_SIGN_IDENTITY[sdk=iphoneos*]" = "iPhone Developer";
				GCC_C_LANGUAGE_STANDARD = gnu99;
				GCC_PREPROCESSOR_DEFINITIONS = (
					DEBUG,
					"COCOS2D_DEBUG=1",
					"CD_DEBUG=1",
					"LOGGING_ENABLED=1",
					"LOGGING_LEVEL_TRACE=0",
					"LOGGING_REZLOAD=1",
					"GL_ERROR_LOGGING_ENABLED=1",
					"GL_LOGGING_ENABLED=0",
				);
				GCC_THUMB_SUPPORT = YES;
				"GCC_THUMB_SUPPORT[arch=armv6]" = NO;
				GCC_WARN_ABOUT_RETURN_TYPE = YES;
				GCC_WARN_UNUSED_VARIABLE = YES;
				OTHER_LDFLAGS = (
					"-all_load",
					"-ObjC",
				);
				SDKROOT = iphoneos;
				TARGETED_DEVICE_FAMILY = "1,2";
				WARNING_CFLAGS = "-Wall";
			};
			name = Debug;
		};
		C01FCF5008A954540054247B /* Release */ = {
			isa = XCBuildConfiguration;
			buildSettings = {
				ALWAYS_SEARCH_USER_PATHS = NO;
				ARCHS = (
					armv6,
					armv7,
				);
				"CODE_SIGN_IDENTITY[sdk=iphoneos*]" = "iPhone Developer";
				GCC_C_LANGUAGE_STANDARD = gnu99;
				GCC_PREPROCESSOR_DEFINITIONS = NDEBUG;
				GCC_THUMB_SUPPORT = YES;
				"GCC_THUMB_SUPPORT[arch=armv6]" = NO;
				GCC_TREAT_WARNINGS_AS_ERRORS = YES;
				GCC_UNROLL_LOOPS = YES;
				GCC_WARN_ABOUT_RETURN_TYPE = YES;
				GCC_WARN_UNUSED_VARIABLE = YES;
				OTHER_CFLAGS = "-DNS_BLOCK_ASSERTIONS=1";
				OTHER_LDFLAGS = (
					"-all_load",
					"-ObjC",
				);
				SDKROOT = iphoneos;
				TARGETED_DEVICE_FAMILY = "1,2";
				VALIDATE_PRODUCT = YES;
				WARNING_CFLAGS = "-Wall";
			};
			name = Release;
		};
/* End XCBuildConfiguration section */

/* Begin XCConfigurationList section */
		1D6058960D05DD3E006BFB54 /* Build configuration list for PBXNativeTarget "CC3DemoMashUp" */ = {
			isa = XCConfigurationList;
			buildConfigurations = (
				1D6058940D05DD3E006BFB54 /* Debug */,
				1D6058950D05DD3E006BFB54 /* Release */,
			);
			defaultConfigurationIsVisible = 0;
			defaultConfigurationName = Release;
		};
		C01FCF4E08A954540054247B /* Build configuration list for PBXProject "CC3DemoMashUp" */ = {
			isa = XCConfigurationList;
			buildConfigurations = (
				C01FCF4F08A954540054247B /* Debug */,
				C01FCF5008A954540054247B /* Release */,
			);
			defaultConfigurationIsVisible = 0;
			defaultConfigurationName = Release;
		};
/* End XCConfigurationList section */
	};
	rootObject = 29B97313FDCFA39411CA2CEA /* Project object */;
}
