// !$*UTF8*$!
{
	archiveVersion = 1;
	classes = {
	};
	objectVersion = 46;
	objects = {

/* Begin PBXBuildFile section */
		A92DA7F71427B7870051AFFA /* ArrowUpButton48x48.png in Resources */ = {isa = PBXBuildFile; fileRef = A92DA7D41427B7870051AFFA /* ArrowUpButton48x48.png */; };
		A92DA7F91427B7870051AFFA /* ButtonRing48x48.png in Resources */ = {isa = PBXBuildFile; fileRef = A92DA7D61427B7870051AFFA /* ButtonRing48x48.png */; };
		A92DA7FA1427B7870051AFFA /* cocos3dMascot.png in Resources */ = {isa = PBXBuildFile; fileRef = A92DA7D71427B7870051AFFA /* cocos3dMascot.png */; };
		A92DA7FB1427B7870051AFFA /* cocos3dMascot.pod in Resources */ = {isa = PBXBuildFile; fileRef = A92DA7D81427B7870051AFFA /* cocos3dMascot.pod */; };
		A92DA7FE1427B7870051AFFA /* Default.png in Resources */ = {isa = PBXBuildFile; fileRef = A92DA7DB1427B7870051AFFA /* Default.png */; };
		A92DA8011427B7870051AFFA /* fps_images.png in Resources */ = {isa = PBXBuildFile; fileRef = A92DA7DE1427B7870051AFFA /* fps_images.png */; };
		A92DA8031427B7870051AFFA /* GridButton48x48.png in Resources */ = {isa = PBXBuildFile; fileRef = A92DA7E01427B7870051AFFA /* GridButton48x48.png */; };
		A92DA8071427B7870051AFFA /* hello-world.pod in Resources */ = {isa = PBXBuildFile; fileRef = A92DA7E41427B7870051AFFA /* hello-world.pod */; };
		A92DA8081427B7870051AFFA /* Icon-72.png in Resources */ = {isa = PBXBuildFile; fileRef = A92DA7E51427B7870051AFFA /* Icon-72.png */; };
		A92DA8091427B7870051AFFA /* Icon-Small-50.png in Resources */ = {isa = PBXBuildFile; fileRef = A92DA7E61427B7870051AFFA /* Icon-Small-50.png */; };
		A92DA80A1427B7870051AFFA /* Icon-Small.png in Resources */ = {isa = PBXBuildFile; fileRef = A92DA7E71427B7870051AFFA /* Icon-Small.png */; };
		A92DA80B1427B7870051AFFA /* Icon-Small@2x.png in Resources */ = {isa = PBXBuildFile; fileRef = A92DA7E81427B7870051AFFA /* Icon-Small@2x.png */; };
		A92DA80C1427B7870051AFFA /* Icon.png in Resources */ = {isa = PBXBuildFile; fileRef = A92DA7E91427B7870051AFFA /* Icon.png */; };
		A92DA80D1427B7870051AFFA /* Icon@2x.png in Resources */ = {isa = PBXBuildFile; fileRef = A92DA7EA1427B7870051AFFA /* Icon@2x.png */; };
		A92DA8101427B7870051AFFA /* ItunesArtwork in Resources */ = {isa = PBXBuildFile; fileRef = A92DA7ED1427B7870051AFFA /* ItunesArtwork */; };
		A92DA8111427B7870051AFFA /* JoystickThumb.png in Resources */ = {isa = PBXBuildFile; fileRef = A92DA7EE1427B7870051AFFA /* JoystickThumb.png */; };
		A92DA81C1427B80E0051AFFA /* arial16.fnt in Resources */ = {isa = PBXBuildFile; fileRef = A92DA81A1427B80E0051AFFA /* arial16.fnt */; };
		A92DA81D1427B80E0051AFFA /* arial16.png in Resources */ = {isa = PBXBuildFile; fileRef = A92DA81B1427B80E0051AFFA /* arial16.png */; };
		A92DA81F1427B8DD0051AFFA /* DieCube.pod in Resources */ = {isa = PBXBuildFile; fileRef = A92DA81E1427B8DD0051AFFA /* DieCube.pod */; };
		A9473726140E5951006F410C /* main.m in Sources */ = {isa = PBXBuildFile; fileRef = A9473725140E5951006F410C /* main.m */; };
		A947374B140E5983006F410C /* CC3PerformanceAppDelegate.m in Sources */ = {isa = PBXBuildFile; fileRef = A9473729140E5983006F410C /* CC3PerformanceAppDelegate.m */; };
		A947374C140E5983006F410C /* CC3PerformanceLayer.m in Sources */ = {isa = PBXBuildFile; fileRef = A947372B140E5983006F410C /* CC3PerformanceLayer.m */; };
		A947374D140E5983006F410C /* CC3PerformanceScene.m in Sources */ = {isa = PBXBuildFile; fileRef = A947372D140E5983006F410C /* CC3PerformanceScene.m */; };
		A947374E140E5983006F410C /* CCNodeAdornments.m in Sources */ = {isa = PBXBuildFile; fileRef = A9473730140E5983006F410C /* CCNodeAdornments.m */; };
		A947374F140E5983006F410C /* CCNodeExtensions.m in Sources */ = {isa = PBXBuildFile; fileRef = A9473732140E5983006F410C /* CCNodeExtensions.m */; };
		A9473750140E5983006F410C /* Joystick.m in Sources */ = {isa = PBXBuildFile; fileRef = A9473734140E5983006F410C /* Joystick.m */; };
		A9473751140E5983006F410C /* NodeGrid.m in Sources */ = {isa = PBXBuildFile; fileRef = A9473736140E5983006F410C /* NodeGrid.m */; };
		A9B6265E14E181AA002BB0DB /* BeachBall.pod in Resources */ = {isa = PBXBuildFile; fileRef = A9B6265C14E181AA002BB0DB /* BeachBall.pod */; };
		A9B6265F14E181AA002BB0DB /* Earth_1024.jpg in Resources */ = {isa = PBXBuildFile; fileRef = A9B6265D14E181AA002BB0DB /* Earth_1024.jpg */; };
		B64B3D54155ECF4C004C2F6F /* Cocos2DKit.framework in Frameworks */ = {isa = PBXBuildFile; fileRef = B64B3D53155ECF4C004C2F6F /* Cocos2DKit.framework */; };
		B64B3D6E155ED4EA004C2F6F /* CC3ModelSampleFactory.m in Sources */ = {isa = PBXBuildFile; fileRef = B64B3D6A155ED4E9004C2F6F /* CC3ModelSampleFactory.m */; };
		B64B3D6F155ED4EA004C2F6F /* CC3PointParticleSamples.m in Sources */ = {isa = PBXBuildFile; fileRef = B64B3D6C155ED4E9004C2F6F /* CC3PointParticleSamples.m */; };
		B64B3DBF155EDD35004C2F6F /* AVFoundation.framework in Frameworks */ = {isa = PBXBuildFile; fileRef = B64B3DBB155EDD35004C2F6F /* AVFoundation.framework */; };
		B64B3DC0155EDD35004C2F6F /* CoreGraphics.framework in Frameworks */ = {isa = PBXBuildFile; fileRef = B64B3DBC155EDD35004C2F6F /* CoreGraphics.framework */; };
		B64B3DC1155EDD35004C2F6F /* OpenGLES.framework in Frameworks */ = {isa = PBXBuildFile; fileRef = B64B3DBD155EDD35004C2F6F /* OpenGLES.framework */; };
		B64B3DC2155EDD35004C2F6F /* UIKit.framework in Frameworks */ = {isa = PBXBuildFile; fileRef = B64B3DBE155EDD35004C2F6F /* UIKit.framework */; };
		DC6640030F83B3EA000B3E49 /* AudioToolbox.framework in Frameworks */ = {isa = PBXBuildFile; fileRef = DC6640020F83B3EA000B3E49 /* AudioToolbox.framework */; };
		DC6640050F83B3EA000B3E49 /* OpenAL.framework in Frameworks */ = {isa = PBXBuildFile; fileRef = DC6640040F83B3EA000B3E49 /* OpenAL.framework */; };
		DCCBF1B90F6022AE0040855A /* Foundation.framework in Frameworks */ = {isa = PBXBuildFile; fileRef = DCCBF1B80F6022AE0040855A /* Foundation.framework */; };
		DCCBF1BD0F6022AE0040855A /* QuartzCore.framework in Frameworks */ = {isa = PBXBuildFile; fileRef = DCCBF1BC0F6022AE0040855A /* QuartzCore.framework */; };
/* End PBXBuildFile section */

/* Begin PBXContainerItemProxy section */
		B64B3D48155ECF12004C2F6F /* PBXContainerItemProxy */ = {
			isa = PBXContainerItemProxy;
			containerPortal = B64B3D43155ECF12004C2F6F /* Cocos3D.xcodeproj */;
			proxyType = 2;
			remoteGlobalIDString = B6747D2F155EB226005D8E64;
			remoteInfo = Cocos3D;
		};
		B64B3D66155ED302004C2F6F /* PBXContainerItemProxy */ = {
			isa = PBXContainerItemProxy;
			containerPortal = B64B3D43155ECF12004C2F6F /* Cocos3D.xcodeproj */;
			proxyType = 1;
			remoteGlobalIDString = B6747EBB155EC2FF005D8E64;
			remoteInfo = Distribution;
		};
/* End PBXContainerItemProxy section */

/* Begin PBXFileReference section */
		1D6058910D05DD3D006BFB54 /* CC3Performance.app */ = {isa = PBXFileReference; explicitFileType = wrapper.application; includeInIndex = 0; path = CC3Performance.app; sourceTree = BUILT_PRODUCTS_DIR; };
		A92DA7D41427B7870051AFFA /* ArrowUpButton48x48.png */ = {isa = PBXFileReference; lastKnownFileType = image.png; path = ArrowUpButton48x48.png; sourceTree = "<group>"; };
		A92DA7D61427B7870051AFFA /* ButtonRing48x48.png */ = {isa = PBXFileReference; lastKnownFileType = image.png; path = ButtonRing48x48.png; sourceTree = "<group>"; };
		A92DA7D71427B7870051AFFA /* cocos3dMascot.png */ = {isa = PBXFileReference; lastKnownFileType = image.png; path = cocos3dMascot.png; sourceTree = "<group>"; };
		A92DA7D81427B7870051AFFA /* cocos3dMascot.pod */ = {isa = PBXFileReference; lastKnownFileType = file; path = cocos3dMascot.pod; sourceTree = "<group>"; };
		A92DA7DB1427B7870051AFFA /* Default.png */ = {isa = PBXFileReference; lastKnownFileType = image.png; path = Default.png; sourceTree = "<group>"; };
		A92DA7DE1427B7870051AFFA /* fps_images.png */ = {isa = PBXFileReference; lastKnownFileType = image.png; path = fps_images.png; sourceTree = "<group>"; };
		A92DA7E01427B7870051AFFA /* GridButton48x48.png */ = {isa = PBXFileReference; lastKnownFileType = image.png; path = GridButton48x48.png; sourceTree = "<group>"; };
		A92DA7E41427B7870051AFFA /* hello-world.pod */ = {isa = PBXFileReference; lastKnownFileType = file; path = "hello-world.pod"; sourceTree = "<group>"; };
		A92DA7E51427B7870051AFFA /* Icon-72.png */ = {isa = PBXFileReference; lastKnownFileType = image.png; path = "Icon-72.png"; sourceTree = "<group>"; };
		A92DA7E61427B7870051AFFA /* Icon-Small-50.png */ = {isa = PBXFileReference; lastKnownFileType = image.png; path = "Icon-Small-50.png"; sourceTree = "<group>"; };
		A92DA7E71427B7870051AFFA /* Icon-Small.png */ = {isa = PBXFileReference; lastKnownFileType = image.png; path = "Icon-Small.png"; sourceTree = "<group>"; };
		A92DA7E81427B7870051AFFA /* Icon-Small@2x.png */ = {isa = PBXFileReference; lastKnownFileType = image.png; path = "Icon-Small@2x.png"; sourceTree = "<group>"; };
		A92DA7E91427B7870051AFFA /* Icon.png */ = {isa = PBXFileReference; lastKnownFileType = image.png; path = Icon.png; sourceTree = "<group>"; };
		A92DA7EA1427B7870051AFFA /* Icon@2x.png */ = {isa = PBXFileReference; lastKnownFileType = image.png; path = "Icon@2x.png"; sourceTree = "<group>"; };
		A92DA7ED1427B7870051AFFA /* ItunesArtwork */ = {isa = PBXFileReference; lastKnownFileType = file; path = ItunesArtwork; sourceTree = "<group>"; };
		A92DA7EE1427B7870051AFFA /* JoystickThumb.png */ = {isa = PBXFileReference; lastKnownFileType = image.png; path = JoystickThumb.png; sourceTree = "<group>"; };
		A92DA81A1427B80E0051AFFA /* arial16.fnt */ = {isa = PBXFileReference; fileEncoding = 4; lastKnownFileType = text; path = arial16.fnt; sourceTree = "<group>"; };
		A92DA81B1427B80E0051AFFA /* arial16.png */ = {isa = PBXFileReference; lastKnownFileType = image.png; path = arial16.png; sourceTree = "<group>"; };
		A92DA81E1427B8DD0051AFFA /* DieCube.pod */ = {isa = PBXFileReference; lastKnownFileType = file; path = DieCube.pod; sourceTree = "<group>"; };
		A92DA86C1427CD5C0051AFFA /* Info.plist */ = {isa = PBXFileReference; fileEncoding = 4; lastKnownFileType = text.plist.xml; path = Info.plist; sourceTree = "<group>"; };
		A9473724140E5951006F410C /* CC3Performance_Prefix.pch */ = {isa = PBXFileReference; fileEncoding = 4; lastKnownFileType = sourcecode.c.h; name = CC3Performance_Prefix.pch; path = CC3Performance/CC3Performance_Prefix.pch; sourceTree = "<group>"; };
		A9473725140E5951006F410C /* main.m */ = {isa = PBXFileReference; fileEncoding = 4; lastKnownFileType = sourcecode.c.objc; name = main.m; path = CC3Performance/main.m; sourceTree = "<group>"; };
		A9473728140E5983006F410C /* CC3PerformanceAppDelegate.h */ = {isa = PBXFileReference; fileEncoding = 4; lastKnownFileType = sourcecode.c.h; path = CC3PerformanceAppDelegate.h; sourceTree = "<group>"; };
		A9473729140E5983006F410C /* CC3PerformanceAppDelegate.m */ = {isa = PBXFileReference; fileEncoding = 4; lastKnownFileType = sourcecode.c.objc; path = CC3PerformanceAppDelegate.m; sourceTree = "<group>"; };
		A947372A140E5983006F410C /* CC3PerformanceLayer.h */ = {isa = PBXFileReference; fileEncoding = 4; lastKnownFileType = sourcecode.c.h; path = CC3PerformanceLayer.h; sourceTree = "<group>"; };
		A947372B140E5983006F410C /* CC3PerformanceLayer.m */ = {isa = PBXFileReference; fileEncoding = 4; lastKnownFileType = sourcecode.c.objc; path = CC3PerformanceLayer.m; sourceTree = "<group>"; };
		A947372C140E5983006F410C /* CC3PerformanceScene.h */ = {isa = PBXFileReference; fileEncoding = 4; lastKnownFileType = sourcecode.c.h; path = CC3PerformanceScene.h; sourceTree = "<group>"; };
		A947372D140E5983006F410C /* CC3PerformanceScene.m */ = {isa = PBXFileReference; fileEncoding = 4; lastKnownFileType = sourcecode.c.objc; path = CC3PerformanceScene.m; sourceTree = "<group>"; };
		A947372F140E5983006F410C /* CCNodeAdornments.h */ = {isa = PBXFileReference; fileEncoding = 4; lastKnownFileType = sourcecode.c.h; path = CCNodeAdornments.h; sourceTree = "<group>"; };
		A9473730140E5983006F410C /* CCNodeAdornments.m */ = {isa = PBXFileReference; fileEncoding = 4; lastKnownFileType = sourcecode.c.objc; path = CCNodeAdornments.m; sourceTree = "<group>"; };
		A9473731140E5983006F410C /* CCNodeExtensions.h */ = {isa = PBXFileReference; fileEncoding = 4; lastKnownFileType = sourcecode.c.h; path = CCNodeExtensions.h; sourceTree = "<group>"; };
		A9473732140E5983006F410C /* CCNodeExtensions.m */ = {isa = PBXFileReference; fileEncoding = 4; lastKnownFileType = sourcecode.c.objc; path = CCNodeExtensions.m; sourceTree = "<group>"; };
		A9473733140E5983006F410C /* Joystick.h */ = {isa = PBXFileReference; fileEncoding = 4; lastKnownFileType = sourcecode.c.h; path = Joystick.h; sourceTree = "<group>"; };
		A9473734140E5983006F410C /* Joystick.m */ = {isa = PBXFileReference; fileEncoding = 4; lastKnownFileType = sourcecode.c.objc; path = Joystick.m; sourceTree = "<group>"; };
		A9473735140E5983006F410C /* NodeGrid.h */ = {isa = PBXFileReference; fileEncoding = 4; lastKnownFileType = sourcecode.c.h; path = NodeGrid.h; sourceTree = "<group>"; };
		A9473736140E5983006F410C /* NodeGrid.m */ = {isa = PBXFileReference; fileEncoding = 4; lastKnownFileType = sourcecode.c.objc; path = NodeGrid.m; sourceTree = "<group>"; };
		A9B6265C14E181AA002BB0DB /* BeachBall.pod */ = {isa = PBXFileReference; lastKnownFileType = file; path = BeachBall.pod; sourceTree = "<group>"; };
		A9B6265D14E181AA002BB0DB /* Earth_1024.jpg */ = {isa = PBXFileReference; lastKnownFileType = image.jpeg; path = Earth_1024.jpg; sourceTree = "<group>"; };
		B64B3D43155ECF12004C2F6F /* Cocos3D.xcodeproj */ = {isa = PBXFileReference; lastKnownFileType = "wrapper.pb-project"; name = Cocos3D.xcodeproj; path = ../../Cocos3D.xcodeproj; sourceTree = "<group>"; };
		B64B3D53155ECF4C004C2F6F /* Cocos2DKit.framework */ = {isa = PBXFileReference; lastKnownFileType = wrapper.framework; name = Cocos2DKit.framework; path = ../../Vendor/Frameworks/Cocos2DKit.framework; sourceTree = "<group>"; };
		B64B3D69155ED4E9004C2F6F /* CC3ModelSampleFactory.h */ = {isa = PBXFileReference; fileEncoding = 4; lastKnownFileType = sourcecode.c.h; path = CC3ModelSampleFactory.h; sourceTree = "<group>"; };
		B64B3D6A155ED4E9004C2F6F /* CC3ModelSampleFactory.m */ = {isa = PBXFileReference; fileEncoding = 4; lastKnownFileType = sourcecode.c.objc; path = CC3ModelSampleFactory.m; sourceTree = "<group>"; };
		B64B3D6B155ED4E9004C2F6F /* CC3PointParticleSamples.h */ = {isa = PBXFileReference; fileEncoding = 4; lastKnownFileType = sourcecode.c.h; path = CC3PointParticleSamples.h; sourceTree = "<group>"; };
		B64B3D6C155ED4E9004C2F6F /* CC3PointParticleSamples.m */ = {isa = PBXFileReference; fileEncoding = 4; lastKnownFileType = sourcecode.c.objc; path = CC3PointParticleSamples.m; sourceTree = "<group>"; };
		B64B3D6D155ED4E9004C2F6F /* teapot.h */ = {isa = PBXFileReference; fileEncoding = 4; lastKnownFileType = sourcecode.c.h; path = teapot.h; sourceTree = "<group>"; };
		B64B3DBB155EDD35004C2F6F /* AVFoundation.framework */ = {isa = PBXFileReference; lastKnownFileType = wrapper.framework; name = AVFoundation.framework; path = System/Library/Frameworks/AVFoundation.framework; sourceTree = SDKROOT; };
		B64B3DBC155EDD35004C2F6F /* CoreGraphics.framework */ = {isa = PBXFileReference; lastKnownFileType = wrapper.framework; name = CoreGraphics.framework; path = System/Library/Frameworks/CoreGraphics.framework; sourceTree = SDKROOT; };
		B64B3DBD155EDD35004C2F6F /* OpenGLES.framework */ = {isa = PBXFileReference; lastKnownFileType = wrapper.framework; name = OpenGLES.framework; path = System/Library/Frameworks/OpenGLES.framework; sourceTree = SDKROOT; };
		B64B3DBE155EDD35004C2F6F /* UIKit.framework */ = {isa = PBXFileReference; lastKnownFileType = wrapper.framework; name = UIKit.framework; path = System/Library/Frameworks/UIKit.framework; sourceTree = SDKROOT; };
		DC6640020F83B3EA000B3E49 /* AudioToolbox.framework */ = {isa = PBXFileReference; lastKnownFileType = wrapper.framework; name = AudioToolbox.framework; path = System/Library/Frameworks/AudioToolbox.framework; sourceTree = SDKROOT; };
		DC6640040F83B3EA000B3E49 /* OpenAL.framework */ = {isa = PBXFileReference; lastKnownFileType = wrapper.framework; name = OpenAL.framework; path = System/Library/Frameworks/OpenAL.framework; sourceTree = SDKROOT; };
		DCCBF1B80F6022AE0040855A /* Foundation.framework */ = {isa = PBXFileReference; lastKnownFileType = wrapper.framework; name = Foundation.framework; path = System/Library/Frameworks/Foundation.framework; sourceTree = SDKROOT; };
		DCCBF1BC0F6022AE0040855A /* QuartzCore.framework */ = {isa = PBXFileReference; lastKnownFileType = wrapper.framework; name = QuartzCore.framework; path = System/Library/Frameworks/QuartzCore.framework; sourceTree = SDKROOT; };
/* End PBXFileReference section */

/* Begin PBXFrameworksBuildPhase section */
		1D60588F0D05DD3D006BFB54 /* Frameworks */ = {
			isa = PBXFrameworksBuildPhase;
			buildActionMask = 2147483647;
			files = (
				B64B3DBF155EDD35004C2F6F /* AVFoundation.framework in Frameworks */,
				B64B3DC0155EDD35004C2F6F /* CoreGraphics.framework in Frameworks */,
				B64B3DC1155EDD35004C2F6F /* OpenGLES.framework in Frameworks */,
				B64B3DC2155EDD35004C2F6F /* UIKit.framework in Frameworks */,
				DCCBF1B90F6022AE0040855A /* Foundation.framework in Frameworks */,
				DCCBF1BD0F6022AE0040855A /* QuartzCore.framework in Frameworks */,
				DC6640030F83B3EA000B3E49 /* AudioToolbox.framework in Frameworks */,
				DC6640050F83B3EA000B3E49 /* OpenAL.framework in Frameworks */,
				B64B3D54155ECF4C004C2F6F /* Cocos2DKit.framework in Frameworks */,
			);
			runOnlyForDeploymentPostprocessing = 0;
		};
/* End PBXFrameworksBuildPhase section */

/* Begin PBXGroup section */
		19C28FACFE9D520D11CA2CBB /* Products */ = {
			isa = PBXGroup;
			children = (
				1D6058910D05DD3D006BFB54 /* CC3Performance.app */,
			);
			name = Products;
			sourceTree = "<group>";
		};
		29B97314FDCFA39411CA2CEA /* CustomTemplate */ = {
			isa = PBXGroup;
			children = (
				B64B3D43155ECF12004C2F6F /* Cocos3D.xcodeproj */,
				A9473727140E5983006F410C /* Classes */,
				B64B3D68155ED4E9004C2F6F /* cc3Extras */,
				A92DA7D21427B7870051AFFA /* Resources */,
				A9473722140E592F006F410C /* Supporting Files */,
				29B97323FDCFA39411CA2CEA /* Frameworks */,
				19C28FACFE9D520D11CA2CBB /* Products */,
			);
			name = CustomTemplate;
			sourceTree = "<group>";
		};
		29B97323FDCFA39411CA2CEA /* Frameworks */ = {
			isa = PBXGroup;
			children = (
				B64B3DBB155EDD35004C2F6F /* AVFoundation.framework */,
				B64B3DBC155EDD35004C2F6F /* CoreGraphics.framework */,
				B64B3DBD155EDD35004C2F6F /* OpenGLES.framework */,
				B64B3DBE155EDD35004C2F6F /* UIKit.framework */,
				B64B3D53155ECF4C004C2F6F /* Cocos2DKit.framework */,
				DCCBF1B80F6022AE0040855A /* Foundation.framework */,
				DCCBF1BC0F6022AE0040855A /* QuartzCore.framework */,
				DC6640040F83B3EA000B3E49 /* OpenAL.framework */,
				DC6640020F83B3EA000B3E49 /* AudioToolbox.framework */,
			);
			name = Frameworks;
			sourceTree = "<group>";
		};
		A92DA7D21427B7870051AFFA /* Resources */ = {
			isa = PBXGroup;
			children = (
				A92DA81A1427B80E0051AFFA /* arial16.fnt */,
				A92DA81B1427B80E0051AFFA /* arial16.png */,
				A92DA7D41427B7870051AFFA /* ArrowUpButton48x48.png */,
				A92DA7D61427B7870051AFFA /* ButtonRing48x48.png */,
				A9B6265C14E181AA002BB0DB /* BeachBall.pod */,
				A92DA7D71427B7870051AFFA /* cocos3dMascot.png */,
				A92DA7D81427B7870051AFFA /* cocos3dMascot.pod */,
				A92DA7DB1427B7870051AFFA /* Default.png */,
				A92DA81E1427B8DD0051AFFA /* DieCube.pod */,
				A9B6265D14E181AA002BB0DB /* Earth_1024.jpg */,
				A92DA7DE1427B7870051AFFA /* fps_images.png */,
				A92DA7E01427B7870051AFFA /* GridButton48x48.png */,
				A92DA7E41427B7870051AFFA /* hello-world.pod */,
				A92DA7E51427B7870051AFFA /* Icon-72.png */,
				A92DA7E61427B7870051AFFA /* Icon-Small-50.png */,
				A92DA7E71427B7870051AFFA /* Icon-Small.png */,
				A92DA7E81427B7870051AFFA /* Icon-Small@2x.png */,
				A92DA7E91427B7870051AFFA /* Icon.png */,
				A92DA7EA1427B7870051AFFA /* Icon@2x.png */,
				A92DA86C1427CD5C0051AFFA /* Info.plist */,
				A92DA7ED1427B7870051AFFA /* ItunesArtwork */,
				A92DA7EE1427B7870051AFFA /* JoystickThumb.png */,
			);
			name = Resources;
			path = ../Common/Resources;
			sourceTree = "<group>";
		};
		A9473722140E592F006F410C /* Supporting Files */ = {
			isa = PBXGroup;
			children = (
				A9473724140E5951006F410C /* CC3Performance_Prefix.pch */,
				A9473725140E5951006F410C /* main.m */,
			);
			name = "Supporting Files";
			sourceTree = "<group>";
		};
		A9473727140E5983006F410C /* Classes */ = {
			isa = PBXGroup;
			children = (
				A9473728140E5983006F410C /* CC3PerformanceAppDelegate.h */,
				A9473729140E5983006F410C /* CC3PerformanceAppDelegate.m */,
				A947372A140E5983006F410C /* CC3PerformanceLayer.h */,
				A947372B140E5983006F410C /* CC3PerformanceLayer.m */,
				A947372C140E5983006F410C /* CC3PerformanceScene.h */,
				A947372D140E5983006F410C /* CC3PerformanceScene.m */,
				A9473735140E5983006F410C /* NodeGrid.h */,
				A9473736140E5983006F410C /* NodeGrid.m */,
				A947372E140E5983006F410C /* Controls */,
			);
			name = Classes;
			path = CC3Performance/Classes;
			sourceTree = "<group>";
		};
		A947372E140E5983006F410C /* Controls */ = {
			isa = PBXGroup;
			children = (
				A947372F140E5983006F410C /* CCNodeAdornments.h */,
				A9473730140E5983006F410C /* CCNodeAdornments.m */,
				A9473731140E5983006F410C /* CCNodeExtensions.h */,
				A9473732140E5983006F410C /* CCNodeExtensions.m */,
				A9473733140E5983006F410C /* Joystick.h */,
				A9473734140E5983006F410C /* Joystick.m */,
			);
			path = Controls;
			sourceTree = "<group>";
		};
		B64B3D44155ECF12004C2F6F /* Products */ = {
			isa = PBXGroup;
			children = (
				B64B3D49155ECF12004C2F6F /* libCocos3D.a */,
			);
			name = Products;
			sourceTree = "<group>";
		};
		B64B3D68155ED4E9004C2F6F /* cc3Extras */ = {
			isa = PBXGroup;
			children = (
				B64B3D69155ED4E9004C2F6F /* CC3ModelSampleFactory.h */,
				B64B3D6A155ED4E9004C2F6F /* CC3ModelSampleFactory.m */,
				B64B3D6B155ED4E9004C2F6F /* CC3PointParticleSamples.h */,
				B64B3D6C155ED4E9004C2F6F /* CC3PointParticleSamples.m */,
				B64B3D6D155ED4E9004C2F6F /* teapot.h */,
			);
			name = cc3Extras;
			path = ../../cocos3d/cc3Extras;
			sourceTree = "<group>";
		};
/* End PBXGroup section */

/* Begin PBXNativeTarget section */
		1D6058900D05DD3D006BFB54 /* CC3Performance */ = {
			isa = PBXNativeTarget;
			buildConfigurationList = 1D6058960D05DD3E006BFB54 /* Build configuration list for PBXNativeTarget "CC3Performance" */;
			buildPhases = (
				1D60588D0D05DD3D006BFB54 /* Resources */,
				1D60588E0D05DD3D006BFB54 /* Sources */,
				1D60588F0D05DD3D006BFB54 /* Frameworks */,
			);
			buildRules = (
			);
			dependencies = (
				B64B3D67155ED302004C2F6F /* PBXTargetDependency */,
			);
			name = CC3Performance;
			productName = CC3Performance;
			productReference = 1D6058910D05DD3D006BFB54 /* CC3Performance.app */;
			productType = "com.apple.product-type.application";
		};
/* End PBXNativeTarget section */

/* Begin PBXProject section */
		29B97313FDCFA39411CA2CEA /* Project object */ = {
			isa = PBXProject;
			attributes = {
				LastUpgradeCheck = 0430;
			};
			buildConfigurationList = C01FCF4E08A954540054247B /* Build configuration list for PBXProject "CC3Performance" */;
			compatibilityVersion = "Xcode 3.2";
			developmentRegion = English;
			hasScannedForEncodings = 1;
			knownRegions = (
				English,
				Japanese,
				French,
				German,
			);
			mainGroup = 29B97314FDCFA39411CA2CEA /* CustomTemplate */;
			projectDirPath = "";
			projectReferences = (
				{
					ProductGroup = B64B3D44155ECF12004C2F6F /* Products */;
					ProjectRef = B64B3D43155ECF12004C2F6F /* Cocos3D.xcodeproj */;
				},
			);
			projectRoot = "";
			targets = (
				1D6058900D05DD3D006BFB54 /* CC3Performance */,
			);
		};
/* End PBXProject section */

/* Begin PBXReferenceProxy section */
		B64B3D49155ECF12004C2F6F /* libCocos3D.a */ = {
			isa = PBXReferenceProxy;
			fileType = archive.ar;
			path = libCocos3D.a;
			remoteRef = B64B3D48155ECF12004C2F6F /* PBXContainerItemProxy */;
			sourceTree = BUILT_PRODUCTS_DIR;
		};
/* End PBXReferenceProxy section */

/* Begin PBXResourcesBuildPhase section */
		1D60588D0D05DD3D006BFB54 /* Resources */ = {
			isa = PBXResourcesBuildPhase;
			buildActionMask = 2147483647;
			files = (
				A92DA7F71427B7870051AFFA /* ArrowUpButton48x48.png in Resources */,
				A92DA7F91427B7870051AFFA /* ButtonRing48x48.png in Resources */,
				A92DA7FA1427B7870051AFFA /* cocos3dMascot.png in Resources */,
				A92DA7FB1427B7870051AFFA /* cocos3dMascot.pod in Resources */,
				A92DA7FE1427B7870051AFFA /* Default.png in Resources */,
				A92DA8011427B7870051AFFA /* fps_images.png in Resources */,
				A92DA8031427B7870051AFFA /* GridButton48x48.png in Resources */,
				A92DA8071427B7870051AFFA /* hello-world.pod in Resources */,
				A92DA8081427B7870051AFFA /* Icon-72.png in Resources */,
				A92DA8091427B7870051AFFA /* Icon-Small-50.png in Resources */,
				A92DA80A1427B7870051AFFA /* Icon-Small.png in Resources */,
				A92DA80B1427B7870051AFFA /* Icon-Small@2x.png in Resources */,
				A92DA80C1427B7870051AFFA /* Icon.png in Resources */,
				A92DA80D1427B7870051AFFA /* Icon@2x.png in Resources */,
				A92DA8101427B7870051AFFA /* ItunesArtwork in Resources */,
				A92DA8111427B7870051AFFA /* JoystickThumb.png in Resources */,
				A92DA81C1427B80E0051AFFA /* arial16.fnt in Resources */,
				A92DA81D1427B80E0051AFFA /* arial16.png in Resources */,
				A92DA81F1427B8DD0051AFFA /* DieCube.pod in Resources */,
				A9B6265E14E181AA002BB0DB /* BeachBall.pod in Resources */,
				A9B6265F14E181AA002BB0DB /* Earth_1024.jpg in Resources */,
			);
			runOnlyForDeploymentPostprocessing = 0;
		};
/* End PBXResourcesBuildPhase section */

/* Begin PBXSourcesBuildPhase section */
		1D60588E0D05DD3D006BFB54 /* Sources */ = {
			isa = PBXSourcesBuildPhase;
			buildActionMask = 2147483647;
			files = (
				A9473726140E5951006F410C /* main.m in Sources */,
				A947374B140E5983006F410C /* CC3PerformanceAppDelegate.m in Sources */,
				A947374C140E5983006F410C /* CC3PerformanceLayer.m in Sources */,
				A947374D140E5983006F410C /* CC3PerformanceScene.m in Sources */,
				A947374E140E5983006F410C /* CCNodeAdornments.m in Sources */,
				A947374F140E5983006F410C /* CCNodeExtensions.m in Sources */,
				A9473750140E5983006F410C /* Joystick.m in Sources */,
				A9473751140E5983006F410C /* NodeGrid.m in Sources */,
				B64B3D6E155ED4EA004C2F6F /* CC3ModelSampleFactory.m in Sources */,
				B64B3D6F155ED4EA004C2F6F /* CC3PointParticleSamples.m in Sources */,
			);
			runOnlyForDeploymentPostprocessing = 0;
		};
/* End PBXSourcesBuildPhase section */

/* Begin PBXTargetDependency section */
		B64B3D67155ED302004C2F6F /* PBXTargetDependency */ = {
			isa = PBXTargetDependency;
			name = Distribution;
			targetProxy = B64B3D66155ED302004C2F6F /* PBXContainerItemProxy */;
		};
/* End PBXTargetDependency section */

/* Begin XCBuildConfiguration section */
		1D6058940D05DD3E006BFB54 /* Debug */ = {
			isa = XCBuildConfiguration;
			buildSettings = {
				FRAMEWORK_SEARCH_PATHS = (
					"$(inherited)",
					"\"$(SRCROOT)/../../Vendor/Frameworks\"",
				);
				GCC_PREFIX_HEADER = CC3Performance/CC3Performance_Prefix.pch;
				INFOPLIST_FILE = ../Common/Resources/Info.plist;
				OTHER_LDFLAGS = (
					"-framework",
					Cocos3D,
					"-lz",
					"-lstdc++",
					"$(inherited)",
				);
				PRODUCT_NAME = CC3Performance;
				WARNING_CFLAGS = "-Wall";
			};
			name = Debug;
		};
		1D6058950D05DD3E006BFB54 /* Release */ = {
			isa = XCBuildConfiguration;
			buildSettings = {
				FRAMEWORK_SEARCH_PATHS = (
					"$(inherited)",
					"\"$(SRCROOT)/../../Vendor/Frameworks\"",
				);
				GCC_PREFIX_HEADER = CC3Performance/CC3Performance_Prefix.pch;
				INFOPLIST_FILE = ../Common/Resources/Info.plist;
				OTHER_LDFLAGS = (
					"-framework",
					Cocos3D,
					"-lz",
					"-lstdc++",
					"$(inherited)",
				);
				PRODUCT_NAME = CC3Performance;
				WARNING_CFLAGS = "-Wall";
			};
			name = Release;
		};
		C01FCF4F08A954540054247B /* Debug */ = {
			isa = XCBuildConfiguration;
			buildSettings = {
				ALWAYS_SEARCH_USER_PATHS = NO;
				ARCHS = "$(ARCHS_STANDARD_32_BIT)";
				"CODE_SIGN_IDENTITY[sdk=iphoneos*]" = "iPhone Developer";
				GCC_C_LANGUAGE_STANDARD = gnu99;
				GCC_PREPROCESSOR_DEFINITIONS = (
					DEBUG,
					"COCOS2D_DEBUG=1",
					"CD_DEBUG=1",
					"LOGGING_ENABLED=1",
					"LOGGING_LEVEL_TRACE=0",
					"LOGGING_REZLOAD=1",
					"GL_ERROR_LOGGING_ENABLED=1",
					"GL_LOGGING_ENABLED=0",
				);
				GCC_THUMB_SUPPORT = YES;
				"GCC_THUMB_SUPPORT[arch=armv6]" = NO;
				GCC_WARN_ABOUT_RETURN_TYPE = YES;
				GCC_WARN_UNUSED_VARIABLE = YES;
				OTHER_LDFLAGS = (
					"-all_load",
					"-ObjC",
				);
				SDKROOT = iphoneos;
				TARGETED_DEVICE_FAMILY = "1,2";
				WARNING_CFLAGS = "-Wall";
			};
			name = Debug;
		};
		C01FCF5008A954540054247B /* Release */ = {
			isa = XCBuildConfiguration;
			buildSettings = {
				ALWAYS_SEARCH_USER_PATHS = NO;
				ARCHS = (
					armv6,
					armv7,
				);
				"CODE_SIGN_IDENTITY[sdk=iphoneos*]" = "iPhone Developer";
				GCC_C_LANGUAGE_STANDARD = gnu99;
				GCC_PREPROCESSOR_DEFINITIONS = NDEBUG;
				GCC_THUMB_SUPPORT = YES;
				"GCC_THUMB_SUPPORT[arch=armv6]" = NO;
				GCC_TREAT_WARNINGS_AS_ERRORS = YES;
				GCC_UNROLL_LOOPS = YES;
				GCC_WARN_ABOUT_RETURN_TYPE = YES;
				GCC_WARN_UNUSED_VARIABLE = YES;
				OTHER_CFLAGS = "-DNS_BLOCK_ASSERTIONS=1";
				OTHER_LDFLAGS = (
					"-all_load",
					"-ObjC",
				);
				SDKROOT = iphoneos;
				TARGETED_DEVICE_FAMILY = "1,2";
				VALIDATE_PRODUCT = YES;
				WARNING_CFLAGS = "-Wall";
			};
			name = Release;
		};
/* End XCBuildConfiguration section */

/* Begin XCConfigurationList section */
		1D6058960D05DD3E006BFB54 /* Build configuration list for PBXNativeTarget "CC3Performance" */ = {
			isa = XCConfigurationList;
			buildConfigurations = (
				1D6058940D05DD3E006BFB54 /* Debug */,
				1D6058950D05DD3E006BFB54 /* Release */,
			);
			defaultConfigurationIsVisible = 0;
			defaultConfigurationName = Release;
		};
		C01FCF4E08A954540054247B /* Build configuration list for PBXProject "CC3Performance" */ = {
			isa = XCConfigurationList;
			buildConfigurations = (
				C01FCF4F08A954540054247B /* Debug */,
				C01FCF5008A954540054247B /* Release */,
			);
			defaultConfigurationIsVisible = 0;
			defaultConfigurationName = Release;
		};
/* End XCConfigurationList section */
	};
	rootObject = 29B97313FDCFA39411CA2CEA /* Project object */;
}
